// !$*UTF8*$!
{
	archiveVersion = 1;
	classes = {
	};
	objectVersion = 56;
	objects = {

/* Begin PBXBuildFile section */
		3F4799D62AA07E34006BA057 /* Alamofire in Frameworks */ = {isa = PBXBuildFile; productRef = 3F4799D52AA07E34006BA057 /* Alamofire */; };
		3F4799DC2AA07FD9006BA057 /* ErrorType.swift in Sources */ = {isa = PBXBuildFile; fileRef = 3F4799D72AA07FD9006BA057 /* ErrorType.swift */; };
		3F4799DD2AA07FD9006BA057 /* ApiServices.swift in Sources */ = {isa = PBXBuildFile; fileRef = 3F4799D82AA07FD9006BA057 /* ApiServices.swift */; };
		3F4799DE2AA07FD9006BA057 /* DataState.swift in Sources */ = {isa = PBXBuildFile; fileRef = 3F4799D92AA07FD9006BA057 /* DataState.swift */; };
		3F4799DF2AA07FD9006BA057 /* MyDecoder.swift in Sources */ = {isa = PBXBuildFile; fileRef = 3F4799DA2AA07FD9006BA057 /* MyDecoder.swift */; };
		3F4799E02AA07FD9006BA057 /* Utils.swift in Sources */ = {isa = PBXBuildFile; fileRef = 3F4799DB2AA07FD9006BA057 /* Utils.swift */; };
		3F4799E32AA08393006BA057 /* SwiftyJSON in Frameworks */ = {isa = PBXBuildFile; productRef = 3F4799E22AA08393006BA057 /* SwiftyJSON */; };
		3F4799E52AA085FA006BA057 /* UserSettings.swift in Sources */ = {isa = PBXBuildFile; fileRef = 3F4799E42AA085FA006BA057 /* UserSettings.swift */; };
		3F79279F2A9F10E600D5F1F5 /* FriendsScreen.swift in Sources */ = {isa = PBXBuildFile; fileRef = 3F79279E2A9F10E600D5F1F5 /* FriendsScreen.swift */; };
		3F7927A22A9F110900D5F1F5 /* FriendsViewModel.swift in Sources */ = {isa = PBXBuildFile; fileRef = 3F7927A12A9F110900D5F1F5 /* FriendsViewModel.swift */; };
		3F7927A42A9F149900D5F1F5 /* WidgetHistoryScreen.swift in Sources */ = {isa = PBXBuildFile; fileRef = 3F7927A32A9F149900D5F1F5 /* WidgetHistoryScreen.swift */; };
		3F7927A62A9F14D300D5F1F5 /* WidgetViewModel.swift in Sources */ = {isa = PBXBuildFile; fileRef = 3F7927A52A9F14D300D5F1F5 /* WidgetViewModel.swift */; };
		3F7927A82A9F259B00D5F1F5 /* CreateWidgetScreen.swift in Sources */ = {isa = PBXBuildFile; fileRef = 3F7927A72A9F259B00D5F1F5 /* CreateWidgetScreen.swift */; };
		3FC586532A9E19B200D85919 /* MainViewModel.swift in Sources */ = {isa = PBXBuildFile; fileRef = 3FC586522A9E19B200D85919 /* MainViewModel.swift */; };
		3FCE39EB2AA324CA006401FE /* UploadImageScreen.swift in Sources */ = {isa = PBXBuildFile; fileRef = 3FCE39EA2AA324CA006401FE /* UploadImageScreen.swift */; };
		3FE3E5A42A9E6F4A003CD376 /* WidgetSingleScreen.swift in Sources */ = {isa = PBXBuildFile; fileRef = 3FE3E5A32A9E6F4A003CD376 /* WidgetSingleScreen.swift */; };
		806CA8E12A9DD21900599C14 /* LoveWidgetApp.swift in Sources */ = {isa = PBXBuildFile; fileRef = 806CA8E02A9DD21900599C14 /* LoveWidgetApp.swift */; };
		806CA8E32A9DD21900599C14 /* ContentView.swift in Sources */ = {isa = PBXBuildFile; fileRef = 806CA8E22A9DD21900599C14 /* ContentView.swift */; };
		806CA8E52A9DD21B00599C14 /* Assets.xcassets in Resources */ = {isa = PBXBuildFile; fileRef = 806CA8E42A9DD21B00599C14 /* Assets.xcassets */; };
		806CA8E92A9DD21B00599C14 /* Preview Assets.xcassets in Resources */ = {isa = PBXBuildFile; fileRef = 806CA8E82A9DD21B00599C14 /* Preview Assets.xcassets */; };
		806CA8F02A9DD27100599C14 /* LoginScreen.swift in Sources */ = {isa = PBXBuildFile; fileRef = 806CA8EF2A9DD27100599C14 /* LoginScreen.swift */; };
		806CA8F32A9DD7E200599C14 /* LoginViewModel.swift in Sources */ = {isa = PBXBuildFile; fileRef = 806CA8F22A9DD7E200599C14 /* LoginViewModel.swift */; };
		806CA8F62A9DD8C500599C14 /* EnigmaSystemDesign in Frameworks */ = {isa = PBXBuildFile; productRef = 806CA8F52A9DD8C500599C14 /* EnigmaSystemDesign */; };
		806CA8F82A9DDD0E00599C14 /* MainScreen.swift in Sources */ = {isa = PBXBuildFile; fileRef = 806CA8F72A9DDD0E00599C14 /* MainScreen.swift */; };
/* End PBXBuildFile section */

/* Begin PBXFileReference section */
		3F4799D72AA07FD9006BA057 /* ErrorType.swift */ = {isa = PBXFileReference; fileEncoding = 4; lastKnownFileType = sourcecode.swift; path = ErrorType.swift; sourceTree = "<group>"; };
		3F4799D82AA07FD9006BA057 /* ApiServices.swift */ = {isa = PBXFileReference; fileEncoding = 4; lastKnownFileType = sourcecode.swift; path = ApiServices.swift; sourceTree = "<group>"; };
		3F4799D92AA07FD9006BA057 /* DataState.swift */ = {isa = PBXFileReference; fileEncoding = 4; lastKnownFileType = sourcecode.swift; path = DataState.swift; sourceTree = "<group>"; };
		3F4799DA2AA07FD9006BA057 /* MyDecoder.swift */ = {isa = PBXFileReference; fileEncoding = 4; lastKnownFileType = sourcecode.swift; path = MyDecoder.swift; sourceTree = "<group>"; };
		3F4799DB2AA07FD9006BA057 /* Utils.swift */ = {isa = PBXFileReference; fileEncoding = 4; lastKnownFileType = sourcecode.swift; path = Utils.swift; sourceTree = "<group>"; };
		3F4799E42AA085FA006BA057 /* UserSettings.swift */ = {isa = PBXFileReference; lastKnownFileType = sourcecode.swift; path = UserSettings.swift; sourceTree = "<group>"; };
		3F4799E62AA08A8C006BA057 /* Info.plist */ = {isa = PBXFileReference; lastKnownFileType = text.plist; path = Info.plist; sourceTree = "<group>"; };
		3F79279E2A9F10E600D5F1F5 /* FriendsScreen.swift */ = {isa = PBXFileReference; lastKnownFileType = sourcecode.swift; path = FriendsScreen.swift; sourceTree = "<group>"; };
		3F7927A12A9F110900D5F1F5 /* FriendsViewModel.swift */ = {isa = PBXFileReference; lastKnownFileType = sourcecode.swift; path = FriendsViewModel.swift; sourceTree = "<group>"; };
		3F7927A32A9F149900D5F1F5 /* WidgetHistoryScreen.swift */ = {isa = PBXFileReference; lastKnownFileType = sourcecode.swift; path = WidgetHistoryScreen.swift; sourceTree = "<group>"; };
		3F7927A52A9F14D300D5F1F5 /* WidgetViewModel.swift */ = {isa = PBXFileReference; lastKnownFileType = sourcecode.swift; path = WidgetViewModel.swift; sourceTree = "<group>"; };
		3F7927A72A9F259B00D5F1F5 /* CreateWidgetScreen.swift */ = {isa = PBXFileReference; lastKnownFileType = sourcecode.swift; path = CreateWidgetScreen.swift; sourceTree = "<group>"; };
		3FC586522A9E19B200D85919 /* MainViewModel.swift */ = {isa = PBXFileReference; lastKnownFileType = sourcecode.swift; path = MainViewModel.swift; sourceTree = "<group>"; };
		3FCE39EA2AA324CA006401FE /* UploadImageScreen.swift */ = {isa = PBXFileReference; lastKnownFileType = sourcecode.swift; path = UploadImageScreen.swift; sourceTree = "<group>"; };
		3FE3E5A32A9E6F4A003CD376 /* WidgetSingleScreen.swift */ = {isa = PBXFileReference; lastKnownFileType = sourcecode.swift; path = WidgetSingleScreen.swift; sourceTree = "<group>"; };
		806CA8DD2A9DD21900599C14 /* LoveWidget.app */ = {isa = PBXFileReference; explicitFileType = wrapper.application; includeInIndex = 0; path = LoveWidget.app; sourceTree = BUILT_PRODUCTS_DIR; };
		806CA8E02A9DD21900599C14 /* LoveWidgetApp.swift */ = {isa = PBXFileReference; lastKnownFileType = sourcecode.swift; path = LoveWidgetApp.swift; sourceTree = "<group>"; };
		806CA8E22A9DD21900599C14 /* ContentView.swift */ = {isa = PBXFileReference; lastKnownFileType = sourcecode.swift; path = ContentView.swift; sourceTree = "<group>"; };
		806CA8E42A9DD21B00599C14 /* Assets.xcassets */ = {isa = PBXFileReference; lastKnownFileType = folder.assetcatalog; path = Assets.xcassets; sourceTree = "<group>"; };
		806CA8E62A9DD21B00599C14 /* LoveWidget.entitlements */ = {isa = PBXFileReference; lastKnownFileType = text.plist.entitlements; path = LoveWidget.entitlements; sourceTree = "<group>"; };
		806CA8E82A9DD21B00599C14 /* Preview Assets.xcassets */ = {isa = PBXFileReference; lastKnownFileType = folder.assetcatalog; path = "Preview Assets.xcassets"; sourceTree = "<group>"; };
		806CA8EF2A9DD27100599C14 /* LoginScreen.swift */ = {isa = PBXFileReference; lastKnownFileType = sourcecode.swift; path = LoginScreen.swift; sourceTree = "<group>"; };
		806CA8F22A9DD7E200599C14 /* LoginViewModel.swift */ = {isa = PBXFileReference; lastKnownFileType = sourcecode.swift; path = LoginViewModel.swift; sourceTree = "<group>"; };
		806CA8F72A9DDD0E00599C14 /* MainScreen.swift */ = {isa = PBXFileReference; lastKnownFileType = sourcecode.swift; path = MainScreen.swift; sourceTree = "<group>"; };
/* End PBXFileReference section */

/* Begin PBXFrameworksBuildPhase section */
		806CA8DA2A9DD21900599C14 /* Frameworks */ = {
			isa = PBXFrameworksBuildPhase;
			buildActionMask = 2147483647;
			files = (
				3F4799E32AA08393006BA057 /* SwiftyJSON in Frameworks */,
				806CA8F62A9DD8C500599C14 /* EnigmaSystemDesign in Frameworks */,
				3F4799D62AA07E34006BA057 /* Alamofire in Frameworks */,
			);
			runOnlyForDeploymentPostprocessing = 0;
		};
/* End PBXFrameworksBuildPhase section */

/* Begin PBXGroup section */
		3F4799D12AA07D3E006BA057 /* view */ = {
			isa = PBXGroup;
			children = (
				806CA8F92A9DDD1200599C14 /* main */,
				3F7927A02A9F10EA00D5F1F5 /* friends */,
				3FE3E5A52A9E6F56003CD376 /* widget */,
				806CA8F12A9DD7D600599C14 /* login */,
			);
			path = view;
			sourceTree = "<group>";
		};
		3F4799D22AA07D47006BA057 /* app */ = {
			isa = PBXGroup;
			children = (
				806CA8E02A9DD21900599C14 /* LoveWidgetApp.swift */,
				806CA8E22A9DD21900599C14 /* ContentView.swift */,
			);
			path = app;
			sourceTree = "<group>";
		};
		3F4799D32AA07D52006BA057 /* api */ = {
			isa = PBXGroup;
			children = (
				3F4799D82AA07FD9006BA057 /* ApiServices.swift */,
				3F4799D92AA07FD9006BA057 /* DataState.swift */,
				3F4799D72AA07FD9006BA057 /* ErrorType.swift */,
				3F4799DA2AA07FD9006BA057 /* MyDecoder.swift */,
				3F4799DB2AA07FD9006BA057 /* Utils.swift */,
			);
			path = api;
			sourceTree = "<group>";
		};
		3F7927A02A9F10EA00D5F1F5 /* friends */ = {
			isa = PBXGroup;
			children = (
				3F79279E2A9F10E600D5F1F5 /* FriendsScreen.swift */,
				3F7927A12A9F110900D5F1F5 /* FriendsViewModel.swift */,
			);
			path = friends;
			sourceTree = "<group>";
		};
		3FE3E5A52A9E6F56003CD376 /* widget */ = {
			isa = PBXGroup;
			children = (
				3FE3E5A32A9E6F4A003CD376 /* WidgetSingleScreen.swift */,
				3F7927A32A9F149900D5F1F5 /* WidgetHistoryScreen.swift */,
				3F7927A72A9F259B00D5F1F5 /* CreateWidgetScreen.swift */,
				3FCE39EA2AA324CA006401FE /* UploadImageScreen.swift */,
				3F7927A52A9F14D300D5F1F5 /* WidgetViewModel.swift */,
			);
			path = widget;
			sourceTree = "<group>";
		};
		806CA8D42A9DD21900599C14 = {
			isa = PBXGroup;
			children = (
				806CA8DF2A9DD21900599C14 /* LoveWidget */,
				806CA8DE2A9DD21900599C14 /* Products */,
			);
			sourceTree = "<group>";
		};
		806CA8DE2A9DD21900599C14 /* Products */ = {
			isa = PBXGroup;
			children = (
				806CA8DD2A9DD21900599C14 /* LoveWidget.app */,
			);
			name = Products;
			sourceTree = "<group>";
		};
		806CA8DF2A9DD21900599C14 /* LoveWidget */ = {
			isa = PBXGroup;
			children = (
				3F4799E62AA08A8C006BA057 /* Info.plist */,
				3F4799D32AA07D52006BA057 /* api */,
				3F4799D12AA07D3E006BA057 /* view */,
				3F4799D22AA07D47006BA057 /* app */,
				806CA8E42A9DD21B00599C14 /* Assets.xcassets */,
				806CA8E62A9DD21B00599C14 /* LoveWidget.entitlements */,
				806CA8E72A9DD21B00599C14 /* Preview Content */,
				3F4799E42AA085FA006BA057 /* UserSettings.swift */,
			);
			path = LoveWidget;
			sourceTree = "<group>";
		};
		806CA8E72A9DD21B00599C14 /* Preview Content */ = {
			isa = PBXGroup;
			children = (
				806CA8E82A9DD21B00599C14 /* Preview Assets.xcassets */,
			);
			path = "Preview Content";
			sourceTree = "<group>";
		};
		806CA8F12A9DD7D600599C14 /* login */ = {
			isa = PBXGroup;
			children = (
				806CA8EF2A9DD27100599C14 /* LoginScreen.swift */,
				806CA8F22A9DD7E200599C14 /* LoginViewModel.swift */,
			);
			path = login;
			sourceTree = "<group>";
		};
		806CA8F92A9DDD1200599C14 /* main */ = {
			isa = PBXGroup;
			children = (
				806CA8F72A9DDD0E00599C14 /* MainScreen.swift */,
				3FC586522A9E19B200D85919 /* MainViewModel.swift */,
			);
			path = main;
			sourceTree = "<group>";
		};
/* End PBXGroup section */

/* Begin PBXNativeTarget section */
		806CA8DC2A9DD21900599C14 /* LoveWidget */ = {
			isa = PBXNativeTarget;
			buildConfigurationList = 806CA8EC2A9DD21B00599C14 /* Build configuration list for PBXNativeTarget "LoveWidget" */;
			buildPhases = (
				806CA8D92A9DD21900599C14 /* Sources */,
				806CA8DA2A9DD21900599C14 /* Frameworks */,
				806CA8DB2A9DD21900599C14 /* Resources */,
			);
			buildRules = (
			);
			dependencies = (
			);
			name = LoveWidget;
			packageProductDependencies = (
				806CA8F52A9DD8C500599C14 /* EnigmaSystemDesign */,
				3F4799D52AA07E34006BA057 /* Alamofire */,
				3F4799E22AA08393006BA057 /* SwiftyJSON */,
			);
			productName = LoveWidget;
			productReference = 806CA8DD2A9DD21900599C14 /* LoveWidget.app */;
			productType = "com.apple.product-type.application";
		};
/* End PBXNativeTarget section */

/* Begin PBXProject section */
		806CA8D52A9DD21900599C14 /* Project object */ = {
			isa = PBXProject;
			attributes = {
				BuildIndependentTargetsInParallel = 1;
				LastSwiftUpdateCheck = 1430;
				LastUpgradeCheck = 1430;
				TargetAttributes = {
					806CA8DC2A9DD21900599C14 = {
						CreatedOnToolsVersion = 14.3;
					};
				};
			};
			buildConfigurationList = 806CA8D82A9DD21900599C14 /* Build configuration list for PBXProject "LoveWidget" */;
			compatibilityVersion = "Xcode 14.0";
			developmentRegion = en;
			hasScannedForEncodings = 0;
			knownRegions = (
				en,
				Base,
			);
			mainGroup = 806CA8D42A9DD21900599C14;
			packageReferences = (
				806CA8F42A9DD8C500599C14 /* XCRemoteSwiftPackageReference "EnigmaSystemDesign" */,
				3F4799D42AA07E34006BA057 /* XCRemoteSwiftPackageReference "Alamofire" */,
				3F4799E12AA08393006BA057 /* XCRemoteSwiftPackageReference "SwiftyJSON" */,
			);
			productRefGroup = 806CA8DE2A9DD21900599C14 /* Products */;
			projectDirPath = "";
			projectRoot = "";
			targets = (
				806CA8DC2A9DD21900599C14 /* LoveWidget */,
			);
		};
/* End PBXProject section */

/* Begin PBXResourcesBuildPhase section */
		806CA8DB2A9DD21900599C14 /* Resources */ = {
			isa = PBXResourcesBuildPhase;
			buildActionMask = 2147483647;
			files = (
				806CA8E92A9DD21B00599C14 /* Preview Assets.xcassets in Resources */,
				806CA8E52A9DD21B00599C14 /* Assets.xcassets in Resources */,
			);
			runOnlyForDeploymentPostprocessing = 0;
		};
/* End PBXResourcesBuildPhase section */

/* Begin PBXSourcesBuildPhase section */
		806CA8D92A9DD21900599C14 /* Sources */ = {
			isa = PBXSourcesBuildPhase;
			buildActionMask = 2147483647;
			files = (
				806CA8F32A9DD7E200599C14 /* LoginViewModel.swift in Sources */,
				3F4799DC2AA07FD9006BA057 /* ErrorType.swift in Sources */,
				3F79279F2A9F10E600D5F1F5 /* FriendsScreen.swift in Sources */,
				3F7927A42A9F149900D5F1F5 /* WidgetHistoryScreen.swift in Sources */,
				3F7927A82A9F259B00D5F1F5 /* CreateWidgetScreen.swift in Sources */,
				806CA8E32A9DD21900599C14 /* ContentView.swift in Sources */,
				3F4799DF2AA07FD9006BA057 /* MyDecoder.swift in Sources */,
				806CA8F82A9DDD0E00599C14 /* MainScreen.swift in Sources */,
				3FE3E5A42A9E6F4A003CD376 /* WidgetSingleScreen.swift in Sources */,
				3F4799E02AA07FD9006BA057 /* Utils.swift in Sources */,
				3F4799DD2AA07FD9006BA057 /* ApiServices.swift in Sources */,
				806CA8E12A9DD21900599C14 /* LoveWidgetApp.swift in Sources */,
				3F7927A62A9F14D300D5F1F5 /* WidgetViewModel.swift in Sources */,
				3FCE39EB2AA324CA006401FE /* UploadImageScreen.swift in Sources */,
				3F4799E52AA085FA006BA057 /* UserSettings.swift in Sources */,
				806CA8F02A9DD27100599C14 /* LoginScreen.swift in Sources */,
				3F4799DE2AA07FD9006BA057 /* DataState.swift in Sources */,
				3FC586532A9E19B200D85919 /* MainViewModel.swift in Sources */,
				3F7927A22A9F110900D5F1F5 /* FriendsViewModel.swift in Sources */,
			);
			runOnlyForDeploymentPostprocessing = 0;
		};
/* End PBXSourcesBuildPhase section */

/* Begin XCBuildConfiguration section */
		806CA8EA2A9DD21B00599C14 /* Debug */ = {
			isa = XCBuildConfiguration;
			buildSettings = {
				ALWAYS_SEARCH_USER_PATHS = NO;
				CLANG_ANALYZER_NONNULL = YES;
				CLANG_ANALYZER_NUMBER_OBJECT_CONVERSION = YES_AGGRESSIVE;
				CLANG_CXX_LANGUAGE_STANDARD = "gnu++20";
				CLANG_ENABLE_MODULES = YES;
				CLANG_ENABLE_OBJC_ARC = YES;
				CLANG_ENABLE_OBJC_WEAK = YES;
				CLANG_WARN_BLOCK_CAPTURE_AUTORELEASING = YES;
				CLANG_WARN_BOOL_CONVERSION = YES;
				CLANG_WARN_COMMA = YES;
				CLANG_WARN_CONSTANT_CONVERSION = YES;
				CLANG_WARN_DEPRECATED_OBJC_IMPLEMENTATIONS = YES;
				CLANG_WARN_DIRECT_OBJC_ISA_USAGE = YES_ERROR;
				CLANG_WARN_DOCUMENTATION_COMMENTS = YES;
				CLANG_WARN_EMPTY_BODY = YES;
				CLANG_WARN_ENUM_CONVERSION = YES;
				CLANG_WARN_INFINITE_RECURSION = YES;
				CLANG_WARN_INT_CONVERSION = YES;
				CLANG_WARN_NON_LITERAL_NULL_CONVERSION = YES;
				CLANG_WARN_OBJC_IMPLICIT_RETAIN_SELF = YES;
				CLANG_WARN_OBJC_LITERAL_CONVERSION = YES;
				CLANG_WARN_OBJC_ROOT_CLASS = YES_ERROR;
				CLANG_WARN_QUOTED_INCLUDE_IN_FRAMEWORK_HEADER = YES;
				CLANG_WARN_RANGE_LOOP_ANALYSIS = YES;
				CLANG_WARN_STRICT_PROTOTYPES = YES;
				CLANG_WARN_SUSPICIOUS_MOVE = YES;
				CLANG_WARN_UNGUARDED_AVAILABILITY = YES_AGGRESSIVE;
				CLANG_WARN_UNREACHABLE_CODE = YES;
				CLANG_WARN__DUPLICATE_METHOD_MATCH = YES;
				COPY_PHASE_STRIP = NO;
				DEBUG_INFORMATION_FORMAT = dwarf;
				ENABLE_STRICT_OBJC_MSGSEND = YES;
				ENABLE_TESTABILITY = YES;
				GCC_C_LANGUAGE_STANDARD = gnu11;
				GCC_DYNAMIC_NO_PIC = NO;
				GCC_NO_COMMON_BLOCKS = YES;
				GCC_OPTIMIZATION_LEVEL = 0;
				GCC_PREPROCESSOR_DEFINITIONS = (
					"DEBUG=1",
					"$(inherited)",
				);
				GCC_WARN_64_TO_32_BIT_CONVERSION = YES;
				GCC_WARN_ABOUT_RETURN_TYPE = YES_ERROR;
				GCC_WARN_UNDECLARED_SELECTOR = YES;
				GCC_WARN_UNINITIALIZED_AUTOS = YES_AGGRESSIVE;
				GCC_WARN_UNUSED_FUNCTION = YES;
				GCC_WARN_UNUSED_VARIABLE = YES;
				MTL_ENABLE_DEBUG_INFO = INCLUDE_SOURCE;
				MTL_FAST_MATH = YES;
				ONLY_ACTIVE_ARCH = YES;
				SWIFT_ACTIVE_COMPILATION_CONDITIONS = DEBUG;
				SWIFT_OPTIMIZATION_LEVEL = "-Onone";
			};
			name = Debug;
		};
		806CA8EB2A9DD21B00599C14 /* Release */ = {
			isa = XCBuildConfiguration;
			buildSettings = {
				ALWAYS_SEARCH_USER_PATHS = NO;
				CLANG_ANALYZER_NONNULL = YES;
				CLANG_ANALYZER_NUMBER_OBJECT_CONVERSION = YES_AGGRESSIVE;
				CLANG_CXX_LANGUAGE_STANDARD = "gnu++20";
				CLANG_ENABLE_MODULES = YES;
				CLANG_ENABLE_OBJC_ARC = YES;
				CLANG_ENABLE_OBJC_WEAK = YES;
				CLANG_WARN_BLOCK_CAPTURE_AUTORELEASING = YES;
				CLANG_WARN_BOOL_CONVERSION = YES;
				CLANG_WARN_COMMA = YES;
				CLANG_WARN_CONSTANT_CONVERSION = YES;
				CLANG_WARN_DEPRECATED_OBJC_IMPLEMENTATIONS = YES;
				CLANG_WARN_DIRECT_OBJC_ISA_USAGE = YES_ERROR;
				CLANG_WARN_DOCUMENTATION_COMMENTS = YES;
				CLANG_WARN_EMPTY_BODY = YES;
				CLANG_WARN_ENUM_CONVERSION = YES;
				CLANG_WARN_INFINITE_RECURSION = YES;
				CLANG_WARN_INT_CONVERSION = YES;
				CLANG_WARN_NON_LITERAL_NULL_CONVERSION = YES;
				CLANG_WARN_OBJC_IMPLICIT_RETAIN_SELF = YES;
				CLANG_WARN_OBJC_LITERAL_CONVERSION = YES;
				CLANG_WARN_OBJC_ROOT_CLASS = YES_ERROR;
				CLANG_WARN_QUOTED_INCLUDE_IN_FRAMEWORK_HEADER = YES;
				CLANG_WARN_RANGE_LOOP_ANALYSIS = YES;
				CLANG_WARN_STRICT_PROTOTYPES = YES;
				CLANG_WARN_SUSPICIOUS_MOVE = YES;
				CLANG_WARN_UNGUARDED_AVAILABILITY = YES_AGGRESSIVE;
				CLANG_WARN_UNREACHABLE_CODE = YES;
				CLANG_WARN__DUPLICATE_METHOD_MATCH = YES;
				COPY_PHASE_STRIP = NO;
				DEBUG_INFORMATION_FORMAT = "dwarf-with-dsym";
				ENABLE_NS_ASSERTIONS = NO;
				ENABLE_STRICT_OBJC_MSGSEND = YES;
				GCC_C_LANGUAGE_STANDARD = gnu11;
				GCC_NO_COMMON_BLOCKS = YES;
				GCC_WARN_64_TO_32_BIT_CONVERSION = YES;
				GCC_WARN_ABOUT_RETURN_TYPE = YES_ERROR;
				GCC_WARN_UNDECLARED_SELECTOR = YES;
				GCC_WARN_UNINITIALIZED_AUTOS = YES_AGGRESSIVE;
				GCC_WARN_UNUSED_FUNCTION = YES;
				GCC_WARN_UNUSED_VARIABLE = YES;
				MTL_ENABLE_DEBUG_INFO = NO;
				MTL_FAST_MATH = YES;
				SWIFT_COMPILATION_MODE = wholemodule;
				SWIFT_OPTIMIZATION_LEVEL = "-O";
			};
			name = Release;
		};
		806CA8ED2A9DD21B00599C14 /* Debug */ = {
			isa = XCBuildConfiguration;
			buildSettings = {
				ASSETCATALOG_COMPILER_APPICON_NAME = AppIcon;
				ASSETCATALOG_COMPILER_GLOBAL_ACCENT_COLOR_NAME = AccentColor;
				CODE_SIGN_ENTITLEMENTS = LoveWidget/LoveWidget.entitlements;
				CODE_SIGN_STYLE = Automatic;
				CURRENT_PROJECT_VERSION = 1;
				DEVELOPMENT_ASSET_PATHS = "\"LoveWidget/Preview Content\"";
				DEVELOPMENT_TEAM = M2RP89S8N2;
				ENABLE_HARDENED_RUNTIME = YES;
				ENABLE_PREVIEWS = YES;
				GENERATE_INFOPLIST_FILE = YES;
				INFOPLIST_FILE = LoveWidget/Info.plist;
				INFOPLIST_KEY_NSCameraUsageDescription = "Need this permission to capture image from camera and send that to your friend's widget";
				INFOPLIST_KEY_NSPhotoLibraryUsageDescription = "Need this permission to pick an image from gallery and send that to your friend's widget";
				"INFOPLIST_KEY_UIApplicationSceneManifest_Generation[sdk=iphoneos*]" = YES;
				"INFOPLIST_KEY_UIApplicationSceneManifest_Generation[sdk=iphonesimulator*]" = YES;
				"INFOPLIST_KEY_UIApplicationSupportsIndirectInputEvents[sdk=iphoneos*]" = YES;
				"INFOPLIST_KEY_UIApplicationSupportsIndirectInputEvents[sdk=iphonesimulator*]" = YES;
				"INFOPLIST_KEY_UILaunchScreen_Generation[sdk=iphoneos*]" = YES;
				"INFOPLIST_KEY_UILaunchScreen_Generation[sdk=iphonesimulator*]" = YES;
				"INFOPLIST_KEY_UIStatusBarStyle[sdk=iphoneos*]" = UIStatusBarStyleDefault;
				"INFOPLIST_KEY_UIStatusBarStyle[sdk=iphonesimulator*]" = UIStatusBarStyleDefault;
				INFOPLIST_KEY_UISupportedInterfaceOrientations_iPad = "UIInterfaceOrientationPortrait UIInterfaceOrientationPortraitUpsideDown UIInterfaceOrientationLandscapeLeft UIInterfaceOrientationLandscapeRight";
				INFOPLIST_KEY_UISupportedInterfaceOrientations_iPhone = "UIInterfaceOrientationPortrait UIInterfaceOrientationLandscapeLeft UIInterfaceOrientationLandscapeRight";
				IPHONEOS_DEPLOYMENT_TARGET = 16.4;
				LD_RUNPATH_SEARCH_PATHS = "@executable_path/Frameworks";
				"LD_RUNPATH_SEARCH_PATHS[sdk=macosx*]" = "@executable_path/../Frameworks";
				MACOSX_DEPLOYMENT_TARGET = 13.1;
				MARKETING_VERSION = 1.0;
				PRODUCT_BUNDLE_IDENTIFIER = com.a2mp.LoveWidget;
				PRODUCT_NAME = "$(TARGET_NAME)";
				SDKROOT = auto;
				SUPPORTED_PLATFORMS = "iphoneos iphonesimulator";
				SUPPORTS_MACCATALYST = NO;
				SUPPORTS_MAC_DESIGNED_FOR_IPHONE_IPAD = NO;
				SWIFT_EMIT_LOC_STRINGS = YES;
				SWIFT_VERSION = 5.0;
				TARGETED_DEVICE_FAMILY = 1;
			};
			name = Debug;
		};
		806CA8EE2A9DD21B00599C14 /* Release */ = {
			isa = XCBuildConfiguration;
			buildSettings = {
				ASSETCATALOG_COMPILER_APPICON_NAME = AppIcon;
				ASSETCATALOG_COMPILER_GLOBAL_ACCENT_COLOR_NAME = AccentColor;
				CODE_SIGN_ENTITLEMENTS = LoveWidget/LoveWidget.entitlements;
				CODE_SIGN_STYLE = Automatic;
				CURRENT_PROJECT_VERSION = 1;
				DEVELOPMENT_ASSET_PATHS = "\"LoveWidget/Preview Content\"";
				DEVELOPMENT_TEAM = M2RP89S8N2;
				ENABLE_HARDENED_RUNTIME = YES;
				ENABLE_PREVIEWS = YES;
				GENERATE_INFOPLIST_FILE = YES;
				INFOPLIST_FILE = LoveWidget/Info.plist;
				INFOPLIST_KEY_NSCameraUsageDescription = "Need this permission to capture image from camera and send that to your friend's widget";
				INFOPLIST_KEY_NSPhotoLibraryUsageDescription = "Need this permission to pick an image from gallery and send that to your friend's widget";
				"INFOPLIST_KEY_UIApplicationSceneManifest_Generation[sdk=iphoneos*]" = YES;
				"INFOPLIST_KEY_UIApplicationSceneManifest_Generation[sdk=iphonesimulator*]" = YES;
				"INFOPLIST_KEY_UIApplicationSupportsIndirectInputEvents[sdk=iphoneos*]" = YES;
				"INFOPLIST_KEY_UIApplicationSupportsIndirectInputEvents[sdk=iphonesimulator*]" = YES;
				"INFOPLIST_KEY_UILaunchScreen_Generation[sdk=iphoneos*]" = YES;
				"INFOPLIST_KEY_UILaunchScreen_Generation[sdk=iphonesimulator*]" = YES;
				"INFOPLIST_KEY_UIStatusBarStyle[sdk=iphoneos*]" = UIStatusBarStyleDefault;
				"INFOPLIST_KEY_UIStatusBarStyle[sdk=iphonesimulator*]" = UIStatusBarStyleDefault;
				INFOPLIST_KEY_UISupportedInterfaceOrientations_iPad = "UIInterfaceOrientationPortrait UIInterfaceOrientationPortraitUpsideDown UIInterfaceOrientationLandscapeLeft UIInterfaceOrientationLandscapeRight";
				INFOPLIST_KEY_UISupportedInterfaceOrientations_iPhone = "UIInterfaceOrientationPortrait UIInterfaceOrientationLandscapeLeft UIInterfaceOrientationLandscapeRight";
				IPHONEOS_DEPLOYMENT_TARGET = 16.4;
				LD_RUNPATH_SEARCH_PATHS = "@executable_path/Frameworks";
				"LD_RUNPATH_SEARCH_PATHS[sdk=macosx*]" = "@executable_path/../Frameworks";
				MACOSX_DEPLOYMENT_TARGET = 13.1;
				MARKETING_VERSION = 1.0;
				PRODUCT_BUNDLE_IDENTIFIER = com.a2mp.LoveWidget;
				PRODUCT_NAME = "$(TARGET_NAME)";
				SDKROOT = auto;
				SUPPORTED_PLATFORMS = "iphoneos iphonesimulator";
				SUPPORTS_MACCATALYST = NO;
				SUPPORTS_MAC_DESIGNED_FOR_IPHONE_IPAD = NO;
				SWIFT_EMIT_LOC_STRINGS = YES;
				SWIFT_VERSION = 5.0;
				TARGETED_DEVICE_FAMILY = 1;
			};
			name = Release;
		};
/* End XCBuildConfiguration section */

/* Begin XCConfigurationList section */
		806CA8D82A9DD21900599C14 /* Build configuration list for PBXProject "LoveWidget" */ = {
			isa = XCConfigurationList;
			buildConfigurations = (
				806CA8EA2A9DD21B00599C14 /* Debug */,
				806CA8EB2A9DD21B00599C14 /* Release */,
			);
			defaultConfigurationIsVisible = 0;
			defaultConfigurationName = Release;
		};
		806CA8EC2A9DD21B00599C14 /* Build configuration list for PBXNativeTarget "LoveWidget" */ = {
			isa = XCConfigurationList;
			buildConfigurations = (
				806CA8ED2A9DD21B00599C14 /* Debug */,
				806CA8EE2A9DD21B00599C14 /* Release */,
			);
			defaultConfigurationIsVisible = 0;
			defaultConfigurationName = Release;
		};
/* End XCConfigurationList section */

/* Begin XCRemoteSwiftPackageReference section */
		3F4799D42AA07E34006BA057 /* XCRemoteSwiftPackageReference "Alamofire" */ = {
			isa = XCRemoteSwiftPackageReference;
			repositoryURL = "https://github.com/Alamofire/Alamofire.git";
			requirement = {
				kind = upToNextMajorVersion;
				minimumVersion = 5.7.1;
			};
		};
		3F4799E12AA08393006BA057 /* XCRemoteSwiftPackageReference "SwiftyJSON" */ = {
			isa = XCRemoteSwiftPackageReference;
			repositoryURL = "https://github.com/SwiftyJSON/SwiftyJSON.git";
			requirement = {
				kind = upToNextMajorVersion;
				minimumVersion = 5.0.1;
			};
		};
		806CA8F42A9DD8C500599C14 /* XCRemoteSwiftPackageReference "EnigmaSystemDesign" */ = {
			isa = XCRemoteSwiftPackageReference;
			repositoryURL = "https://github.com/padram39/EnigmaSystemDesign.git";
			requirement = {
				branch = main;
				kind = branch;
			};
		};
/* End XCRemoteSwiftPackageReference section */

/* Begin XCSwiftPackageProductDependency section */
		3F4799D52AA07E34006BA057 /* Alamofire */ = {
			isa = XCSwiftPackageProductDependency;
			package = 3F4799D42AA07E34006BA057 /* XCRemoteSwiftPackageReference "Alamofire" */;
			productName = Alamofire;
		};
		3F4799E22AA08393006BA057 /* SwiftyJSON */ = {
			isa = XCSwiftPackageProductDependency;
			package = 3F4799E12AA08393006BA057 /* XCRemoteSwiftPackageReference "SwiftyJSON" */;
			productName = SwiftyJSON;
		};
		806CA8F52A9DD8C500599C14 /* EnigmaSystemDesign */ = {
			isa = XCSwiftPackageProductDependency;
			package = 806CA8F42A9DD8C500599C14 /* XCRemoteSwiftPackageReference "EnigmaSystemDesign" */;
			productName = EnigmaSystemDesign;
		};
/* End XCSwiftPackageProductDependency section */
	};
	rootObject = 806CA8D52A9DD21900599C14 /* Project object */;
}
