// !$*UTF8*$!
{
	archiveVersion = 1;
	classes = {
	};
	objectVersion = 56;
	objects = {

/* Begin PBXBuildFile section */
		3F068DC32AAC4D3C008D7C8D /* IntroScreen.swift in Sources */ = {isa = PBXBuildFile; fileRef = 3F068DC22AAC4D3C008D7C8D /* IntroScreen.swift */; };
		3F0B3BFC2AB0A5E200844827 /* intro_vid.mp4 in Resources */ = {isa = PBXBuildFile; fileRef = 3F0B3BFB2AB0A5E200844827 /* intro_vid.mp4 */; };
		3F14912E2AA4413400850ED8 /* WidgetKit.framework in Frameworks */ = {isa = PBXBuildFile; fileRef = 3F14910F2AA43ED900850ED8 /* WidgetKit.framework */; };
		3F14912F2AA4413400850ED8 /* SwiftUI.framework in Frameworks */ = {isa = PBXBuildFile; fileRef = 3F1491112AA43ED900850ED8 /* SwiftUI.framework */; };
		3F1491362AA4413700850ED8 /* Assets.xcassets in Resources */ = {isa = PBXBuildFile; fileRef = 3F1491352AA4413700850ED8 /* Assets.xcassets */; };
		3F14913A2AA4413700850ED8 /* WidgyExtension.appex in Embed Foundation Extensions */ = {isa = PBXBuildFile; fileRef = 3F14912D2AA4413400850ED8 /* WidgyExtension.appex */; settings = {ATTRIBUTES = (RemoveHeadersOnCopy, ); }; };
		3F14913F2AA441A000850ED8 /* MyWidgetIntentFile.intentdefinition in Sources */ = {isa = PBXBuildFile; fileRef = 3F14913E2AA441A000850ED8 /* MyWidgetIntentFile.intentdefinition */; };
		3F1491402AA441A500850ED8 /* MyWidgetIntentFile.intentdefinition in Sources */ = {isa = PBXBuildFile; fileRef = 3F14913E2AA441A000850ED8 /* MyWidgetIntentFile.intentdefinition */; };
		3F1491472AA4423A00850ED8 /* Intents.framework in Frameworks */ = {isa = PBXBuildFile; fileRef = 3F1491462AA4423A00850ED8 /* Intents.framework */; };
		3F14914A2AA4423A00850ED8 /* IntentHandler.swift in Sources */ = {isa = PBXBuildFile; fileRef = 3F1491492AA4423A00850ED8 /* IntentHandler.swift */; };
		3F14914E2AA4423A00850ED8 /* WidgetEditIntent.appex in Embed Foundation Extensions */ = {isa = PBXBuildFile; fileRef = 3F1491452AA4423A00850ED8 /* WidgetEditIntent.appex */; settings = {ATTRIBUTES = (RemoveHeadersOnCopy, ); }; };
		3F1491542AA442E800850ED8 /* MyWidgetIntentFile.intentdefinition in Sources */ = {isa = PBXBuildFile; fileRef = 3F14913E2AA441A000850ED8 /* MyWidgetIntentFile.intentdefinition */; };
		3F1491552AA4452500850ED8 /* IntentHandler.swift in Sources */ = {isa = PBXBuildFile; fileRef = 3F1491492AA4423A00850ED8 /* IntentHandler.swift */; };
		3F1491562AA44C9400850ED8 /* UserSettings.swift in Sources */ = {isa = PBXBuildFile; fileRef = 3F4799E42AA085FA006BA057 /* UserSettings.swift */; };
		3F1491572AA44C9500850ED8 /* UserSettings.swift in Sources */ = {isa = PBXBuildFile; fileRef = 3F4799E42AA085FA006BA057 /* UserSettings.swift */; };
		3F1491582AA44CA500850ED8 /* WidgetViewModel.swift in Sources */ = {isa = PBXBuildFile; fileRef = 3F7927A52A9F14D300D5F1F5 /* WidgetViewModel.swift */; };
		3F1491592AA44CA600850ED8 /* WidgetViewModel.swift in Sources */ = {isa = PBXBuildFile; fileRef = 3F7927A52A9F14D300D5F1F5 /* WidgetViewModel.swift */; };
		3F14915C2AA44CB700850ED8 /* MyDecoder.swift in Sources */ = {isa = PBXBuildFile; fileRef = 3F4799DA2AA07FD9006BA057 /* MyDecoder.swift */; };
		3F14915D2AA44CB800850ED8 /* MyDecoder.swift in Sources */ = {isa = PBXBuildFile; fileRef = 3F4799DA2AA07FD9006BA057 /* MyDecoder.swift */; };
		3F14915E2AA44CBD00850ED8 /* ErrorType.swift in Sources */ = {isa = PBXBuildFile; fileRef = 3F4799D72AA07FD9006BA057 /* ErrorType.swift */; };
		3F14915F2AA44CBD00850ED8 /* ErrorType.swift in Sources */ = {isa = PBXBuildFile; fileRef = 3F4799D72AA07FD9006BA057 /* ErrorType.swift */; };
		3F1491622AA44CC300850ED8 /* DataState.swift in Sources */ = {isa = PBXBuildFile; fileRef = 3F4799D92AA07FD9006BA057 /* DataState.swift */; };
		3F1491632AA44CC400850ED8 /* DataState.swift in Sources */ = {isa = PBXBuildFile; fileRef = 3F4799D92AA07FD9006BA057 /* DataState.swift */; };
		3F1491642AA44CC600850ED8 /* ApiServices.swift in Sources */ = {isa = PBXBuildFile; fileRef = 3F4799D82AA07FD9006BA057 /* ApiServices.swift */; };
		3F1491652AA44CC700850ED8 /* ApiServices.swift in Sources */ = {isa = PBXBuildFile; fileRef = 3F4799D82AA07FD9006BA057 /* ApiServices.swift */; };
		3F1491672AA44CE900850ED8 /* SwiftyJSON in Frameworks */ = {isa = PBXBuildFile; productRef = 3F1491662AA44CE900850ED8 /* SwiftyJSON */; };
		3F1491692AA44CEE00850ED8 /* SwiftyJSON in Frameworks */ = {isa = PBXBuildFile; productRef = 3F1491682AA44CEE00850ED8 /* SwiftyJSON */; };
		3F14916B2AA44D0800850ED8 /* Alamofire in Frameworks */ = {isa = PBXBuildFile; productRef = 3F14916A2AA44D0800850ED8 /* Alamofire */; };
		3F14916D2AA44D0B00850ED8 /* EnigmaSystemDesign in Frameworks */ = {isa = PBXBuildFile; productRef = 3F14916C2AA44D0B00850ED8 /* EnigmaSystemDesign */; };
		3F14916F2AA44D1200850ED8 /* Alamofire in Frameworks */ = {isa = PBXBuildFile; productRef = 3F14916E2AA44D1200850ED8 /* Alamofire */; };
		3F1491712AA44D1500850ED8 /* EnigmaSystemDesign in Frameworks */ = {isa = PBXBuildFile; productRef = 3F1491702AA44D1500850ED8 /* EnigmaSystemDesign */; };
		3F1D3E812AA4632000C7EAC9 /* Assets.xcassets in Resources */ = {isa = PBXBuildFile; fileRef = 806CA8E42A9DD21B00599C14 /* Assets.xcassets */; };
		3F1D3E822AA4632100C7EAC9 /* Assets.xcassets in Resources */ = {isa = PBXBuildFile; fileRef = 806CA8E42A9DD21B00599C14 /* Assets.xcassets */; };
		3F1D3E842AA4D21700C7EAC9 /* WidgetNetworkManager.swift in Sources */ = {isa = PBXBuildFile; fileRef = 3F1D3E832AA4D21700C7EAC9 /* WidgetNetworkManager.swift */; };
		3F1D3E852AA4D21700C7EAC9 /* WidgetNetworkManager.swift in Sources */ = {isa = PBXBuildFile; fileRef = 3F1D3E832AA4D21700C7EAC9 /* WidgetNetworkManager.swift */; };
		3F1D3E862AA4D21700C7EAC9 /* WidgetNetworkManager.swift in Sources */ = {isa = PBXBuildFile; fileRef = 3F1D3E832AA4D21700C7EAC9 /* WidgetNetworkManager.swift */; };
		3F1F14D12AAAF98700A065B2 /* ProfileScreen.swift in Sources */ = {isa = PBXBuildFile; fileRef = 3F1F14D02AAAF98700A065B2 /* ProfileScreen.swift */; };
		3F2325432AB2F138000FCCC6 /* MainApiService.swift in Sources */ = {isa = PBXBuildFile; fileRef = 3F2325422AB2F138000FCCC6 /* MainApiService.swift */; };
		3F2325472AB2F29F000FCCC6 /* MainRepository.swift in Sources */ = {isa = PBXBuildFile; fileRef = 3F2325462AB2F29F000FCCC6 /* MainRepository.swift */; };
		3F2325492AB2F5CB000FCCC6 /* FriendsApiService.swift in Sources */ = {isa = PBXBuildFile; fileRef = 3F2325482AB2F5CB000FCCC6 /* FriendsApiService.swift */; };
		3F23254B2AB2F81D000FCCC6 /* FriendsRepository.swift in Sources */ = {isa = PBXBuildFile; fileRef = 3F23254A2AB2F81D000FCCC6 /* FriendsRepository.swift */; };
		3F23254D2AB2F90C000FCCC6 /* LoginApiService.swift in Sources */ = {isa = PBXBuildFile; fileRef = 3F23254C2AB2F90C000FCCC6 /* LoginApiService.swift */; };
		3F2325502AB3024E000FCCC6 /* LoginRepository.swift in Sources */ = {isa = PBXBuildFile; fileRef = 3F23254E2AB2FBCD000FCCC6 /* LoginRepository.swift */; };
		3F2325562AB302C6000FCCC6 /* LoginViewModel.swift in Sources */ = {isa = PBXBuildFile; fileRef = 806CA8F22A9DD7E200599C14 /* LoginViewModel.swift */; };
		3F2325572AB302C7000FCCC6 /* LoginViewModel.swift in Sources */ = {isa = PBXBuildFile; fileRef = 806CA8F22A9DD7E200599C14 /* LoginViewModel.swift */; };
		3F2325582AB3030C000FCCC6 /* LoginRepository.swift in Sources */ = {isa = PBXBuildFile; fileRef = 3F23254E2AB2FBCD000FCCC6 /* LoginRepository.swift */; };
		3F2325592AB3030C000FCCC6 /* LoginRepository.swift in Sources */ = {isa = PBXBuildFile; fileRef = 3F23254E2AB2FBCD000FCCC6 /* LoginRepository.swift */; };
		3F23255A2AB30316000FCCC6 /* LoginApiService.swift in Sources */ = {isa = PBXBuildFile; fileRef = 3F23254C2AB2F90C000FCCC6 /* LoginApiService.swift */; };
		3F23255B2AB30317000FCCC6 /* LoginApiService.swift in Sources */ = {isa = PBXBuildFile; fileRef = 3F23254C2AB2F90C000FCCC6 /* LoginApiService.swift */; };
		3F4799D62AA07E34006BA057 /* Alamofire in Frameworks */ = {isa = PBXBuildFile; productRef = 3F4799D52AA07E34006BA057 /* Alamofire */; };
		3F4799DC2AA07FD9006BA057 /* ErrorType.swift in Sources */ = {isa = PBXBuildFile; fileRef = 3F4799D72AA07FD9006BA057 /* ErrorType.swift */; };
		3F4799DD2AA07FD9006BA057 /* ApiServices.swift in Sources */ = {isa = PBXBuildFile; fileRef = 3F4799D82AA07FD9006BA057 /* ApiServices.swift */; };
		3F4799DE2AA07FD9006BA057 /* DataState.swift in Sources */ = {isa = PBXBuildFile; fileRef = 3F4799D92AA07FD9006BA057 /* DataState.swift */; };
		3F4799DF2AA07FD9006BA057 /* MyDecoder.swift in Sources */ = {isa = PBXBuildFile; fileRef = 3F4799DA2AA07FD9006BA057 /* MyDecoder.swift */; };
		3F4799E02AA07FD9006BA057 /* Utils.swift in Sources */ = {isa = PBXBuildFile; fileRef = 3F4799DB2AA07FD9006BA057 /* Utils.swift */; };
		3F4799E32AA08393006BA057 /* SwiftyJSON in Frameworks */ = {isa = PBXBuildFile; productRef = 3F4799E22AA08393006BA057 /* SwiftyJSON */; };
		3F4799E52AA085FA006BA057 /* UserSettings.swift in Sources */ = {isa = PBXBuildFile; fileRef = 3F4799E42AA085FA006BA057 /* UserSettings.swift */; };
		3F52DCCF2AA625D500F6CD80 /* BannerView.swift in Sources */ = {isa = PBXBuildFile; fileRef = 3F52DCCE2AA625D500F6CD80 /* BannerView.swift */; };
		3F569D222AA9AEFC00A66837 /* NotificationService.swift in Sources */ = {isa = PBXBuildFile; fileRef = 3F569D212AA9AEFC00A66837 /* NotificationService.swift */; };
		3F569D262AA9AEFC00A66837 /* OneSignalNotificationServiceExtension.appex in Embed Foundation Extensions */ = {isa = PBXBuildFile; fileRef = 3F569D1F2AA9AEFC00A66837 /* OneSignalNotificationServiceExtension.appex */; settings = {ATTRIBUTES = (RemoveHeadersOnCopy, ); }; };
		3F569D3A2AA9B1E000A66837 /* OneSignalExtension in Frameworks */ = {isa = PBXBuildFile; productRef = 3F569D392AA9B1E000A66837 /* OneSignalExtension */; };
		3F569D3C2AA9B1E000A66837 /* OneSignalFramework in Frameworks */ = {isa = PBXBuildFile; productRef = 3F569D3B2AA9B1E000A66837 /* OneSignalFramework */; };
		3F6F1E2B2AA799A2009E7230 /* Utils.swift in Sources */ = {isa = PBXBuildFile; fileRef = 3F4799DB2AA07FD9006BA057 /* Utils.swift */; };
		3F6F1E2C2AA799A3009E7230 /* Utils.swift in Sources */ = {isa = PBXBuildFile; fileRef = 3F4799DB2AA07FD9006BA057 /* Utils.swift */; };
		3F6F1E2E2AA79A0E009E7230 /* WidgyBundle.swift in Sources */ = {isa = PBXBuildFile; fileRef = 3F1491312AA4413400850ED8 /* WidgyBundle.swift */; };
		3F6F1E302AA79A28009E7230 /* IntentHandler.swift in Sources */ = {isa = PBXBuildFile; fileRef = 3F1491492AA4423A00850ED8 /* IntentHandler.swift */; };
		3F6F1E312AA79A6A009E7230 /* Widgy.swift in Sources */ = {isa = PBXBuildFile; fileRef = 3F1491332AA4413400850ED8 /* Widgy.swift */; };
		3F6FA8D92AA77FB4005EA60B /* GoogleService-Info.plist in Resources */ = {isa = PBXBuildFile; fileRef = 3F6FA8D82AA77FB4005EA60B /* GoogleService-Info.plist */; };
		3F6FA8DA2AA77FB4005EA60B /* GoogleService-Info.plist in Resources */ = {isa = PBXBuildFile; fileRef = 3F6FA8D82AA77FB4005EA60B /* GoogleService-Info.plist */; };
		3F6FA8DB2AA77FB4005EA60B /* GoogleService-Info.plist in Resources */ = {isa = PBXBuildFile; fileRef = 3F6FA8D82AA77FB4005EA60B /* GoogleService-Info.plist */; };
		3F6FA8DE2AA780D9005EA60B /* FirebaseAnalytics in Frameworks */ = {isa = PBXBuildFile; productRef = 3F6FA8DD2AA780D9005EA60B /* FirebaseAnalytics */; };
		3F6FA8E02AA780D9005EA60B /* FirebaseAnalyticsSwift in Frameworks */ = {isa = PBXBuildFile; productRef = 3F6FA8DF2AA780D9005EA60B /* FirebaseAnalyticsSwift */; };
		3F6FA8E22AA780D9005EA60B /* FirebaseCrashlytics in Frameworks */ = {isa = PBXBuildFile; productRef = 3F6FA8E12AA780D9005EA60B /* FirebaseCrashlytics */; };
		3F6FA8E42AA780D9005EA60B /* FirebaseRemoteConfig in Frameworks */ = {isa = PBXBuildFile; productRef = 3F6FA8E32AA780D9005EA60B /* FirebaseRemoteConfig */; };
		3F6FA8E62AA780D9005EA60B /* FirebaseRemoteConfigSwift in Frameworks */ = {isa = PBXBuildFile; productRef = 3F6FA8E52AA780D9005EA60B /* FirebaseRemoteConfigSwift */; };
		3F6FA8E92AA7835F005EA60B /* LottieSwiftUI in Frameworks */ = {isa = PBXBuildFile; productRef = 3F6FA8E82AA7835F005EA60B /* LottieSwiftUI */; };
		3F6FA8EB2AA7850F005EA60B /* loading.json in Resources */ = {isa = PBXBuildFile; fileRef = 3F6FA8EA2AA7850F005EA60B /* loading.json */; };
		3F6FA8EC2AA7850F005EA60B /* loading.json in Resources */ = {isa = PBXBuildFile; fileRef = 3F6FA8EA2AA7850F005EA60B /* loading.json */; };
		3F6FA8ED2AA7850F005EA60B /* loading.json in Resources */ = {isa = PBXBuildFile; fileRef = 3F6FA8EA2AA7850F005EA60B /* loading.json */; };
		3F79279F2A9F10E600D5F1F5 /* FriendsScreen.swift in Sources */ = {isa = PBXBuildFile; fileRef = 3F79279E2A9F10E600D5F1F5 /* FriendsScreen.swift */; };
		3F7927A22A9F110900D5F1F5 /* FriendsViewModel.swift in Sources */ = {isa = PBXBuildFile; fileRef = 3F7927A12A9F110900D5F1F5 /* FriendsViewModel.swift */; };
		3F7927A42A9F149900D5F1F5 /* WidgetHistoryScreen.swift in Sources */ = {isa = PBXBuildFile; fileRef = 3F7927A32A9F149900D5F1F5 /* WidgetHistoryScreen.swift */; };
		3F7927A62A9F14D300D5F1F5 /* WidgetViewModel.swift in Sources */ = {isa = PBXBuildFile; fileRef = 3F7927A52A9F14D300D5F1F5 /* WidgetViewModel.swift */; };
		3F7927A82A9F259B00D5F1F5 /* CreateWidgetScreen.swift in Sources */ = {isa = PBXBuildFile; fileRef = 3F7927A72A9F259B00D5F1F5 /* CreateWidgetScreen.swift */; };
		3F83A60B2AA89A5F0072A380 /* loading2.json in Resources */ = {isa = PBXBuildFile; fileRef = 3F83A60A2AA89A5E0072A380 /* loading2.json */; };
		3F83A60C2AA89A5F0072A380 /* loading2.json in Resources */ = {isa = PBXBuildFile; fileRef = 3F83A60A2AA89A5E0072A380 /* loading2.json */; };
		3F83A60D2AA89A5F0072A380 /* loading2.json in Resources */ = {isa = PBXBuildFile; fileRef = 3F83A60A2AA89A5E0072A380 /* loading2.json */; };
		3F83A6102AA89D5B0072A380 /* SignupScreen.swift in Sources */ = {isa = PBXBuildFile; fileRef = 3F83A60F2AA89D5B0072A380 /* SignupScreen.swift */; };
		3F83A6152AA8A3880072A380 /* ForgetPasswordScreen.swift in Sources */ = {isa = PBXBuildFile; fileRef = 3F83A6142AA8A3880072A380 /* ForgetPasswordScreen.swift */; };
		3F83A6172AA8A5980072A380 /* ResetPasswordScreen.swift in Sources */ = {isa = PBXBuildFile; fileRef = 3F83A6162AA8A5980072A380 /* ResetPasswordScreen.swift */; };
		3FC27A062AA70CE100EC59A1 /* EditQuoteScreen.swift in Sources */ = {isa = PBXBuildFile; fileRef = 3FC27A052AA70CE100EC59A1 /* EditQuoteScreen.swift */; };
		3FC27A0F2AA7106500EC59A1 /* SF Pro Text.ttf in Resources */ = {isa = PBXBuildFile; fileRef = 3FC27A082AA7106500EC59A1 /* SF Pro Text.ttf */; };
		3FC27A102AA7106500EC59A1 /* Sacramento.ttf in Resources */ = {isa = PBXBuildFile; fileRef = 3FC27A092AA7106500EC59A1 /* Sacramento.ttf */; };
		3FC27A112AA7106500EC59A1 /* Yomogi.ttf in Resources */ = {isa = PBXBuildFile; fileRef = 3FC27A0A2AA7106500EC59A1 /* Yomogi.ttf */; };
		3FC27A122AA7106500EC59A1 /* SF UI TEXT.ttf in Resources */ = {isa = PBXBuildFile; fileRef = 3FC27A0B2AA7106500EC59A1 /* SF UI TEXT.ttf */; };
		3FC27A132AA7106500EC59A1 /* Purple Purse.ttf in Resources */ = {isa = PBXBuildFile; fileRef = 3FC27A0C2AA7106500EC59A1 /* Purple Purse.ttf */; };
		3FC27A142AA7106500EC59A1 /* Wendy One.ttf in Resources */ = {isa = PBXBuildFile; fileRef = 3FC27A0D2AA7106500EC59A1 /* Wendy One.ttf */; };
		3FC27A152AA7106500EC59A1 /* Kreon.ttf in Resources */ = {isa = PBXBuildFile; fileRef = 3FC27A0E2AA7106500EC59A1 /* Kreon.ttf */; };
		3FC586532A9E19B200D85919 /* MainViewModel.swift in Sources */ = {isa = PBXBuildFile; fileRef = 3FC586522A9E19B200D85919 /* MainViewModel.swift */; };
		3FC6F7382AAF0386004F959F /* PurchaseScreen.swift in Sources */ = {isa = PBXBuildFile; fileRef = 3FC6F7372AAF0386004F959F /* PurchaseScreen.swift */; };
		3FC6F73A2AAF1FDE004F959F /* PurchaseFile.storekit in Resources */ = {isa = PBXBuildFile; fileRef = 3FC6F7392AAF1FDE004F959F /* PurchaseFile.storekit */; };
		3FCE39EB2AA324CA006401FE /* UploadImageScreen.swift in Sources */ = {isa = PBXBuildFile; fileRef = 3FCE39EA2AA324CA006401FE /* UploadImageScreen.swift */; };
		3FE3E5A42A9E6F4A003CD376 /* WidgetSingleScreen.swift in Sources */ = {isa = PBXBuildFile; fileRef = 3FE3E5A32A9E6F4A003CD376 /* WidgetSingleScreen.swift */; };
		3FFDB4142AA50D4A00E44674 /* ReactToWidgetIntent.swift in Sources */ = {isa = PBXBuildFile; fileRef = 3FFDB4132AA50D4A00E44674 /* ReactToWidgetIntent.swift */; };
		3FFDB4152AA50D4A00E44674 /* ReactToWidgetIntent.swift in Sources */ = {isa = PBXBuildFile; fileRef = 3FFDB4132AA50D4A00E44674 /* ReactToWidgetIntent.swift */; };
		3FFDB4162AA50D4A00E44674 /* ReactToWidgetIntent.swift in Sources */ = {isa = PBXBuildFile; fileRef = 3FFDB4132AA50D4A00E44674 /* ReactToWidgetIntent.swift */; };
		3FFDB4192AA50DEE00E44674 /* UpdateWidgetIntent.swift in Sources */ = {isa = PBXBuildFile; fileRef = 3FFDB4182AA50DEE00E44674 /* UpdateWidgetIntent.swift */; };
		3FFDB41A2AA50DEE00E44674 /* UpdateWidgetIntent.swift in Sources */ = {isa = PBXBuildFile; fileRef = 3FFDB4182AA50DEE00E44674 /* UpdateWidgetIntent.swift */; };
		3FFDB41B2AA50DEE00E44674 /* UpdateWidgetIntent.swift in Sources */ = {isa = PBXBuildFile; fileRef = 3FFDB4182AA50DEE00E44674 /* UpdateWidgetIntent.swift */; };
		806CA8E12A9DD21900599C14 /* LoveWidgetApp.swift in Sources */ = {isa = PBXBuildFile; fileRef = 806CA8E02A9DD21900599C14 /* LoveWidgetApp.swift */; };
		806CA8E32A9DD21900599C14 /* ContentView.swift in Sources */ = {isa = PBXBuildFile; fileRef = 806CA8E22A9DD21900599C14 /* ContentView.swift */; };
		806CA8E52A9DD21B00599C14 /* Assets.xcassets in Resources */ = {isa = PBXBuildFile; fileRef = 806CA8E42A9DD21B00599C14 /* Assets.xcassets */; };
		806CA8E92A9DD21B00599C14 /* Preview Assets.xcassets in Resources */ = {isa = PBXBuildFile; fileRef = 806CA8E82A9DD21B00599C14 /* Preview Assets.xcassets */; };
		806CA8F02A9DD27100599C14 /* LoginScreen.swift in Sources */ = {isa = PBXBuildFile; fileRef = 806CA8EF2A9DD27100599C14 /* LoginScreen.swift */; };
		806CA8F32A9DD7E200599C14 /* LoginViewModel.swift in Sources */ = {isa = PBXBuildFile; fileRef = 806CA8F22A9DD7E200599C14 /* LoginViewModel.swift */; };
		806CA8F62A9DD8C500599C14 /* EnigmaSystemDesign in Frameworks */ = {isa = PBXBuildFile; productRef = 806CA8F52A9DD8C500599C14 /* EnigmaSystemDesign */; };
		806CA8F82A9DDD0E00599C14 /* MainScreen.swift in Sources */ = {isa = PBXBuildFile; fileRef = 806CA8F72A9DDD0E00599C14 /* MainScreen.swift */; };
/* End PBXBuildFile section */

/* Begin PBXContainerItemProxy section */
		3F1491382AA4413700850ED8 /* PBXContainerItemProxy */ = {
			isa = PBXContainerItemProxy;
			containerPortal = 806CA8D52A9DD21900599C14 /* Project object */;
			proxyType = 1;
			remoteGlobalIDString = 3F14912C2AA4413400850ED8;
			remoteInfo = WidgyExtension;
		};
		3F14914C2AA4423A00850ED8 /* PBXContainerItemProxy */ = {
			isa = PBXContainerItemProxy;
			containerPortal = 806CA8D52A9DD21900599C14 /* Project object */;
			proxyType = 1;
			remoteGlobalIDString = 3F1491442AA4423A00850ED8;
			remoteInfo = WidgetEditIntent;
		};
		3F569D242AA9AEFC00A66837 /* PBXContainerItemProxy */ = {
			isa = PBXContainerItemProxy;
			containerPortal = 806CA8D52A9DD21900599C14 /* Project object */;
			proxyType = 1;
			remoteGlobalIDString = 3F569D1E2AA9AEFC00A66837;
			remoteInfo = OneSignalNotificationServiceExtension;
		};
/* End PBXContainerItemProxy section */

/* Begin PBXCopyFilesBuildPhase section */
		3F14911E2AA43EDC00850ED8 /* Embed Foundation Extensions */ = {
			isa = PBXCopyFilesBuildPhase;
			buildActionMask = 2147483647;
			dstPath = "";
			dstSubfolderSpec = 13;
			files = (
				3F569D262AA9AEFC00A66837 /* OneSignalNotificationServiceExtension.appex in Embed Foundation Extensions */,
				3F14914E2AA4423A00850ED8 /* WidgetEditIntent.appex in Embed Foundation Extensions */,
				3F14913A2AA4413700850ED8 /* WidgyExtension.appex in Embed Foundation Extensions */,
			);
			name = "Embed Foundation Extensions";
			runOnlyForDeploymentPostprocessing = 0;
		};
/* End PBXCopyFilesBuildPhase section */

/* Begin PBXFileReference section */
		3F068DC22AAC4D3C008D7C8D /* IntroScreen.swift */ = {isa = PBXFileReference; lastKnownFileType = sourcecode.swift; path = IntroScreen.swift; sourceTree = "<group>"; };
		3F0B3BFB2AB0A5E200844827 /* intro_vid.mp4 */ = {isa = PBXFileReference; lastKnownFileType = file; path = intro_vid.mp4; sourceTree = "<group>"; };
		3F14910F2AA43ED900850ED8 /* WidgetKit.framework */ = {isa = PBXFileReference; lastKnownFileType = wrapper.framework; name = WidgetKit.framework; path = System/Library/Frameworks/WidgetKit.framework; sourceTree = SDKROOT; };
		3F1491112AA43ED900850ED8 /* SwiftUI.framework */ = {isa = PBXFileReference; lastKnownFileType = wrapper.framework; name = SwiftUI.framework; path = System/Library/Frameworks/SwiftUI.framework; sourceTree = SDKROOT; };
		3F1491222AA43EE400850ED8 /* WidgetZyExtension.entitlements */ = {isa = PBXFileReference; lastKnownFileType = text.plist.entitlements; path = WidgetZyExtension.entitlements; sourceTree = "<group>"; };
		3F14912D2AA4413400850ED8 /* WidgyExtension.appex */ = {isa = PBXFileReference; explicitFileType = "wrapper.app-extension"; includeInIndex = 0; path = WidgyExtension.appex; sourceTree = BUILT_PRODUCTS_DIR; };
		3F1491312AA4413400850ED8 /* WidgyBundle.swift */ = {isa = PBXFileReference; lastKnownFileType = sourcecode.swift; path = WidgyBundle.swift; sourceTree = "<group>"; };
		3F1491332AA4413400850ED8 /* Widgy.swift */ = {isa = PBXFileReference; lastKnownFileType = sourcecode.swift; path = Widgy.swift; sourceTree = "<group>"; };
		3F1491352AA4413700850ED8 /* Assets.xcassets */ = {isa = PBXFileReference; lastKnownFileType = folder.assetcatalog; path = Assets.xcassets; sourceTree = "<group>"; };
		3F1491372AA4413700850ED8 /* Info.plist */ = {isa = PBXFileReference; lastKnownFileType = text.plist.xml; path = Info.plist; sourceTree = "<group>"; };
		3F14913E2AA441A000850ED8 /* MyWidgetIntentFile.intentdefinition */ = {isa = PBXFileReference; lastKnownFileType = file.intentdefinition; path = MyWidgetIntentFile.intentdefinition; sourceTree = "<group>"; };
		3F1491452AA4423A00850ED8 /* WidgetEditIntent.appex */ = {isa = PBXFileReference; explicitFileType = "wrapper.app-extension"; includeInIndex = 0; path = WidgetEditIntent.appex; sourceTree = BUILT_PRODUCTS_DIR; };
		3F1491462AA4423A00850ED8 /* Intents.framework */ = {isa = PBXFileReference; lastKnownFileType = wrapper.framework; name = Intents.framework; path = System/Library/Frameworks/Intents.framework; sourceTree = SDKROOT; };
		3F1491492AA4423A00850ED8 /* IntentHandler.swift */ = {isa = PBXFileReference; lastKnownFileType = sourcecode.swift; path = IntentHandler.swift; sourceTree = "<group>"; };
		3F14914B2AA4423A00850ED8 /* Info.plist */ = {isa = PBXFileReference; lastKnownFileType = text.plist.xml; path = Info.plist; sourceTree = "<group>"; };
		3F1491522AA4424800850ED8 /* WidgetEditIntent.entitlements */ = {isa = PBXFileReference; lastKnownFileType = text.plist.entitlements; path = WidgetEditIntent.entitlements; sourceTree = "<group>"; };
		3F1491532AA4425300850ED8 /* WidgyExtension.entitlements */ = {isa = PBXFileReference; lastKnownFileType = text.plist.entitlements; path = WidgyExtension.entitlements; sourceTree = "<group>"; };
		3F1D3E832AA4D21700C7EAC9 /* WidgetNetworkManager.swift */ = {isa = PBXFileReference; lastKnownFileType = sourcecode.swift; path = WidgetNetworkManager.swift; sourceTree = "<group>"; };
		3F1F14D02AAAF98700A065B2 /* ProfileScreen.swift */ = {isa = PBXFileReference; lastKnownFileType = sourcecode.swift; path = ProfileScreen.swift; sourceTree = "<group>"; };
		3F2325422AB2F138000FCCC6 /* MainApiService.swift */ = {isa = PBXFileReference; lastKnownFileType = sourcecode.swift; path = MainApiService.swift; sourceTree = "<group>"; };
		3F2325462AB2F29F000FCCC6 /* MainRepository.swift */ = {isa = PBXFileReference; lastKnownFileType = sourcecode.swift; path = MainRepository.swift; sourceTree = "<group>"; };
		3F2325482AB2F5CB000FCCC6 /* FriendsApiService.swift */ = {isa = PBXFileReference; lastKnownFileType = sourcecode.swift; path = FriendsApiService.swift; sourceTree = "<group>"; };
		3F23254A2AB2F81D000FCCC6 /* FriendsRepository.swift */ = {isa = PBXFileReference; lastKnownFileType = sourcecode.swift; path = FriendsRepository.swift; sourceTree = "<group>"; };
		3F23254C2AB2F90C000FCCC6 /* LoginApiService.swift */ = {isa = PBXFileReference; lastKnownFileType = sourcecode.swift; path = LoginApiService.swift; sourceTree = "<group>"; };
		3F23254E2AB2FBCD000FCCC6 /* LoginRepository.swift */ = {isa = PBXFileReference; lastKnownFileType = sourcecode.swift; path = LoginRepository.swift; sourceTree = "<group>"; };
		3F4799D72AA07FD9006BA057 /* ErrorType.swift */ = {isa = PBXFileReference; fileEncoding = 4; lastKnownFileType = sourcecode.swift; path = ErrorType.swift; sourceTree = "<group>"; };
		3F4799D82AA07FD9006BA057 /* ApiServices.swift */ = {isa = PBXFileReference; fileEncoding = 4; lastKnownFileType = sourcecode.swift; path = ApiServices.swift; sourceTree = "<group>"; };
		3F4799D92AA07FD9006BA057 /* DataState.swift */ = {isa = PBXFileReference; fileEncoding = 4; lastKnownFileType = sourcecode.swift; path = DataState.swift; sourceTree = "<group>"; };
		3F4799DA2AA07FD9006BA057 /* MyDecoder.swift */ = {isa = PBXFileReference; fileEncoding = 4; lastKnownFileType = sourcecode.swift; path = MyDecoder.swift; sourceTree = "<group>"; };
		3F4799DB2AA07FD9006BA057 /* Utils.swift */ = {isa = PBXFileReference; fileEncoding = 4; lastKnownFileType = sourcecode.swift; path = Utils.swift; sourceTree = "<group>"; };
		3F4799E42AA085FA006BA057 /* UserSettings.swift */ = {isa = PBXFileReference; lastKnownFileType = sourcecode.swift; path = UserSettings.swift; sourceTree = "<group>"; };
		3F4799E62AA08A8C006BA057 /* Info.plist */ = {isa = PBXFileReference; lastKnownFileType = text.plist; path = Info.plist; sourceTree = "<group>"; };
		3F52DCCE2AA625D500F6CD80 /* BannerView.swift */ = {isa = PBXFileReference; lastKnownFileType = sourcecode.swift; path = BannerView.swift; sourceTree = "<group>"; };
		3F569D1F2AA9AEFC00A66837 /* OneSignalNotificationServiceExtension.appex */ = {isa = PBXFileReference; explicitFileType = "wrapper.app-extension"; includeInIndex = 0; path = OneSignalNotificationServiceExtension.appex; sourceTree = BUILT_PRODUCTS_DIR; };
		3F569D212AA9AEFC00A66837 /* NotificationService.swift */ = {isa = PBXFileReference; lastKnownFileType = sourcecode.swift; path = NotificationService.swift; sourceTree = "<group>"; };
		3F569D232AA9AEFC00A66837 /* Info.plist */ = {isa = PBXFileReference; lastKnownFileType = text.plist.xml; path = Info.plist; sourceTree = "<group>"; };
		3F6FA8D82AA77FB4005EA60B /* GoogleService-Info.plist */ = {isa = PBXFileReference; fileEncoding = 4; lastKnownFileType = text.plist.xml; path = "GoogleService-Info.plist"; sourceTree = "<group>"; };
		3F6FA8EA2AA7850F005EA60B /* loading.json */ = {isa = PBXFileReference; fileEncoding = 4; lastKnownFileType = text.json; path = loading.json; sourceTree = "<group>"; };
		3F79279E2A9F10E600D5F1F5 /* FriendsScreen.swift */ = {isa = PBXFileReference; lastKnownFileType = sourcecode.swift; path = FriendsScreen.swift; sourceTree = "<group>"; };
		3F7927A12A9F110900D5F1F5 /* FriendsViewModel.swift */ = {isa = PBXFileReference; lastKnownFileType = sourcecode.swift; path = FriendsViewModel.swift; sourceTree = "<group>"; };
		3F7927A32A9F149900D5F1F5 /* WidgetHistoryScreen.swift */ = {isa = PBXFileReference; lastKnownFileType = sourcecode.swift; path = WidgetHistoryScreen.swift; sourceTree = "<group>"; };
		3F7927A52A9F14D300D5F1F5 /* WidgetViewModel.swift */ = {isa = PBXFileReference; lastKnownFileType = sourcecode.swift; path = WidgetViewModel.swift; sourceTree = "<group>"; };
		3F7927A72A9F259B00D5F1F5 /* CreateWidgetScreen.swift */ = {isa = PBXFileReference; lastKnownFileType = sourcecode.swift; path = CreateWidgetScreen.swift; sourceTree = "<group>"; };
		3F83A60A2AA89A5E0072A380 /* loading2.json */ = {isa = PBXFileReference; fileEncoding = 4; lastKnownFileType = text.json; path = loading2.json; sourceTree = "<group>"; };
		3F83A60F2AA89D5B0072A380 /* SignupScreen.swift */ = {isa = PBXFileReference; lastKnownFileType = sourcecode.swift; path = SignupScreen.swift; sourceTree = "<group>"; };
		3F83A6142AA8A3880072A380 /* ForgetPasswordScreen.swift */ = {isa = PBXFileReference; lastKnownFileType = sourcecode.swift; path = ForgetPasswordScreen.swift; sourceTree = "<group>"; };
		3F83A6162AA8A5980072A380 /* ResetPasswordScreen.swift */ = {isa = PBXFileReference; lastKnownFileType = sourcecode.swift; path = ResetPasswordScreen.swift; sourceTree = "<group>"; };
		3FC27A052AA70CE100EC59A1 /* EditQuoteScreen.swift */ = {isa = PBXFileReference; lastKnownFileType = sourcecode.swift; path = EditQuoteScreen.swift; sourceTree = "<group>"; };
		3FC27A082AA7106500EC59A1 /* SF Pro Text.ttf */ = {isa = PBXFileReference; lastKnownFileType = file; path = "SF Pro Text.ttf"; sourceTree = "<group>"; };
		3FC27A092AA7106500EC59A1 /* Sacramento.ttf */ = {isa = PBXFileReference; lastKnownFileType = file; path = Sacramento.ttf; sourceTree = "<group>"; };
		3FC27A0A2AA7106500EC59A1 /* Yomogi.ttf */ = {isa = PBXFileReference; lastKnownFileType = file; path = Yomogi.ttf; sourceTree = "<group>"; };
		3FC27A0B2AA7106500EC59A1 /* SF UI TEXT.ttf */ = {isa = PBXFileReference; lastKnownFileType = file; path = "SF UI TEXT.ttf"; sourceTree = "<group>"; };
		3FC27A0C2AA7106500EC59A1 /* Purple Purse.ttf */ = {isa = PBXFileReference; lastKnownFileType = file; path = "Purple Purse.ttf"; sourceTree = "<group>"; };
		3FC27A0D2AA7106500EC59A1 /* Wendy One.ttf */ = {isa = PBXFileReference; lastKnownFileType = file; path = "Wendy One.ttf"; sourceTree = "<group>"; };
		3FC27A0E2AA7106500EC59A1 /* Kreon.ttf */ = {isa = PBXFileReference; lastKnownFileType = file; path = Kreon.ttf; sourceTree = "<group>"; };
		3FC586522A9E19B200D85919 /* MainViewModel.swift */ = {isa = PBXFileReference; lastKnownFileType = sourcecode.swift; path = MainViewModel.swift; sourceTree = "<group>"; };
		3FC6F7372AAF0386004F959F /* PurchaseScreen.swift */ = {isa = PBXFileReference; lastKnownFileType = sourcecode.swift; path = PurchaseScreen.swift; sourceTree = "<group>"; };
		3FC6F7392AAF1FDE004F959F /* PurchaseFile.storekit */ = {isa = PBXFileReference; lastKnownFileType = text; path = PurchaseFile.storekit; sourceTree = "<group>"; };
		3FCE39EA2AA324CA006401FE /* UploadImageScreen.swift */ = {isa = PBXFileReference; lastKnownFileType = sourcecode.swift; path = UploadImageScreen.swift; sourceTree = "<group>"; };
		3FE3E5A32A9E6F4A003CD376 /* WidgetSingleScreen.swift */ = {isa = PBXFileReference; lastKnownFileType = sourcecode.swift; path = WidgetSingleScreen.swift; sourceTree = "<group>"; };
		3FFDB4132AA50D4A00E44674 /* ReactToWidgetIntent.swift */ = {isa = PBXFileReference; lastKnownFileType = sourcecode.swift; path = ReactToWidgetIntent.swift; sourceTree = "<group>"; };
		3FFDB4182AA50DEE00E44674 /* UpdateWidgetIntent.swift */ = {isa = PBXFileReference; lastKnownFileType = sourcecode.swift; path = UpdateWidgetIntent.swift; sourceTree = "<group>"; };
		806CA8DD2A9DD21900599C14 /* LoveWidget.app */ = {isa = PBXFileReference; explicitFileType = wrapper.application; includeInIndex = 0; path = LoveWidget.app; sourceTree = BUILT_PRODUCTS_DIR; };
		806CA8E02A9DD21900599C14 /* LoveWidgetApp.swift */ = {isa = PBXFileReference; lastKnownFileType = sourcecode.swift; path = LoveWidgetApp.swift; sourceTree = "<group>"; };
		806CA8E22A9DD21900599C14 /* ContentView.swift */ = {isa = PBXFileReference; lastKnownFileType = sourcecode.swift; path = ContentView.swift; sourceTree = "<group>"; };
		806CA8E42A9DD21B00599C14 /* Assets.xcassets */ = {isa = PBXFileReference; lastKnownFileType = folder.assetcatalog; path = Assets.xcassets; sourceTree = "<group>"; };
		806CA8E62A9DD21B00599C14 /* LoveWidget.entitlements */ = {isa = PBXFileReference; lastKnownFileType = text.plist.entitlements; path = LoveWidget.entitlements; sourceTree = "<group>"; };
		806CA8E82A9DD21B00599C14 /* Preview Assets.xcassets */ = {isa = PBXFileReference; lastKnownFileType = folder.assetcatalog; path = "Preview Assets.xcassets"; sourceTree = "<group>"; };
		806CA8EF2A9DD27100599C14 /* LoginScreen.swift */ = {isa = PBXFileReference; lastKnownFileType = sourcecode.swift; path = LoginScreen.swift; sourceTree = "<group>"; };
		806CA8F22A9DD7E200599C14 /* LoginViewModel.swift */ = {isa = PBXFileReference; lastKnownFileType = sourcecode.swift; path = LoginViewModel.swift; sourceTree = "<group>"; };
		806CA8F72A9DDD0E00599C14 /* MainScreen.swift */ = {isa = PBXFileReference; lastKnownFileType = sourcecode.swift; path = MainScreen.swift; sourceTree = "<group>"; };
/* End PBXFileReference section */

/* Begin PBXFrameworksBuildPhase section */
		3F14912A2AA4413400850ED8 /* Frameworks */ = {
			isa = PBXFrameworksBuildPhase;
			buildActionMask = 2147483647;
			files = (
				3F1491692AA44CEE00850ED8 /* SwiftyJSON in Frameworks */,
				3F14916B2AA44D0800850ED8 /* Alamofire in Frameworks */,
				3F14916D2AA44D0B00850ED8 /* EnigmaSystemDesign in Frameworks */,
				3F14912F2AA4413400850ED8 /* SwiftUI.framework in Frameworks */,
				3F14912E2AA4413400850ED8 /* WidgetKit.framework in Frameworks */,
			);
			runOnlyForDeploymentPostprocessing = 0;
		};
		3F1491422AA4423A00850ED8 /* Frameworks */ = {
			isa = PBXFrameworksBuildPhase;
			buildActionMask = 2147483647;
			files = (
				3F14916F2AA44D1200850ED8 /* Alamofire in Frameworks */,
				3F1491672AA44CE900850ED8 /* SwiftyJSON in Frameworks */,
				3F1491712AA44D1500850ED8 /* EnigmaSystemDesign in Frameworks */,
				3F1491472AA4423A00850ED8 /* Intents.framework in Frameworks */,
			);
			runOnlyForDeploymentPostprocessing = 0;
		};
		3F569D1C2AA9AEFC00A66837 /* Frameworks */ = {
			isa = PBXFrameworksBuildPhase;
			buildActionMask = 2147483647;
			files = (
				3F569D3A2AA9B1E000A66837 /* OneSignalExtension in Frameworks */,
			);
			runOnlyForDeploymentPostprocessing = 0;
		};
		806CA8DA2A9DD21900599C14 /* Frameworks */ = {
			isa = PBXFrameworksBuildPhase;
			buildActionMask = 2147483647;
			files = (
				3F4799E32AA08393006BA057 /* SwiftyJSON in Frameworks */,
				3F6FA8E92AA7835F005EA60B /* LottieSwiftUI in Frameworks */,
				3F6FA8E62AA780D9005EA60B /* FirebaseRemoteConfigSwift in Frameworks */,
				806CA8F62A9DD8C500599C14 /* EnigmaSystemDesign in Frameworks */,
				3F569D3C2AA9B1E000A66837 /* OneSignalFramework in Frameworks */,
				3F6FA8DE2AA780D9005EA60B /* FirebaseAnalytics in Frameworks */,
				3F6FA8E42AA780D9005EA60B /* FirebaseRemoteConfig in Frameworks */,
				3F6FA8E22AA780D9005EA60B /* FirebaseCrashlytics in Frameworks */,
				3F4799D62AA07E34006BA057 /* Alamofire in Frameworks */,
				3F6FA8E02AA780D9005EA60B /* FirebaseAnalyticsSwift in Frameworks */,
			);
			runOnlyForDeploymentPostprocessing = 0;
		};
/* End PBXFrameworksBuildPhase section */

/* Begin PBXGroup section */
		3F14910E2AA43ED900850ED8 /* Frameworks */ = {
			isa = PBXGroup;
			children = (
				3F14910F2AA43ED900850ED8 /* WidgetKit.framework */,
				3F1491112AA43ED900850ED8 /* SwiftUI.framework */,
				3F1491462AA4423A00850ED8 /* Intents.framework */,
			);
			name = Frameworks;
			sourceTree = "<group>";
		};
		3F1491302AA4413400850ED8 /* Widgy */ = {
			isa = PBXGroup;
			children = (
				3F1491312AA4413400850ED8 /* WidgyBundle.swift */,
				3F1491332AA4413400850ED8 /* Widgy.swift */,
				3F1D3E832AA4D21700C7EAC9 /* WidgetNetworkManager.swift */,
				3F1491352AA4413700850ED8 /* Assets.xcassets */,
				3F1491372AA4413700850ED8 /* Info.plist */,
				3F14913E2AA441A000850ED8 /* MyWidgetIntentFile.intentdefinition */,
				3FFDB4172AA50DBB00E44674 /* app intents */,
			);
			path = Widgy;
			sourceTree = "<group>";
		};
		3F1491482AA4423A00850ED8 /* WidgetEditIntent */ = {
			isa = PBXGroup;
			children = (
				3F1491522AA4424800850ED8 /* WidgetEditIntent.entitlements */,
				3F1491492AA4423A00850ED8 /* IntentHandler.swift */,
				3F14914B2AA4423A00850ED8 /* Info.plist */,
			);
			path = WidgetEditIntent;
			sourceTree = "<group>";
		};
		3F2325442AB2F1B1000FCCC6 /* api services */ = {
			isa = PBXGroup;
			children = (
				3F2325422AB2F138000FCCC6 /* MainApiService.swift */,
				3F2325482AB2F5CB000FCCC6 /* FriendsApiService.swift */,
				3F23254C2AB2F90C000FCCC6 /* LoginApiService.swift */,
			);
			path = "api services";
			sourceTree = "<group>";
		};
		3F2325452AB2F286000FCCC6 /* repository */ = {
			isa = PBXGroup;
			children = (
				3F2325462AB2F29F000FCCC6 /* MainRepository.swift */,
				3F23254A2AB2F81D000FCCC6 /* FriendsRepository.swift */,
				3F23254E2AB2FBCD000FCCC6 /* LoginRepository.swift */,
			);
			name = repository;
			sourceTree = "<group>";
		};
		3F4799D12AA07D3E006BA057 /* view */ = {
			isa = PBXGroup;
			children = (
				3FC6F7362AAF032B004F959F /* purhcase */,
				806CA8F92A9DDD1200599C14 /* main */,
				3F7927A02A9F10EA00D5F1F5 /* friends */,
				3FE3E5A52A9E6F56003CD376 /* widget */,
				806CA8F12A9DD7D600599C14 /* login */,
				3F068DC22AAC4D3C008D7C8D /* IntroScreen.swift */,
			);
			path = view;
			sourceTree = "<group>";
		};
		3F4799D22AA07D47006BA057 /* app */ = {
			isa = PBXGroup;
			children = (
				806CA8E02A9DD21900599C14 /* LoveWidgetApp.swift */,
				806CA8E22A9DD21900599C14 /* ContentView.swift */,
			);
			path = app;
			sourceTree = "<group>";
		};
		3F4799D32AA07D52006BA057 /* api */ = {
			isa = PBXGroup;
			children = (
				3F4799D82AA07FD9006BA057 /* ApiServices.swift */,
				3F4799D92AA07FD9006BA057 /* DataState.swift */,
				3F4799D72AA07FD9006BA057 /* ErrorType.swift */,
				3F4799DA2AA07FD9006BA057 /* MyDecoder.swift */,
				3F4799DB2AA07FD9006BA057 /* Utils.swift */,
				3F2325442AB2F1B1000FCCC6 /* api services */,
			);
			path = api;
			sourceTree = "<group>";
		};
		3F569D202AA9AEFC00A66837 /* OneSignalNotificationServiceExtension */ = {
			isa = PBXGroup;
			children = (
				3F569D212AA9AEFC00A66837 /* NotificationService.swift */,
				3F569D232AA9AEFC00A66837 /* Info.plist */,
			);
			path = OneSignalNotificationServiceExtension;
			sourceTree = "<group>";
		};
		3F7927A02A9F10EA00D5F1F5 /* friends */ = {
			isa = PBXGroup;
			children = (
				3F79279E2A9F10E600D5F1F5 /* FriendsScreen.swift */,
				3F7927A12A9F110900D5F1F5 /* FriendsViewModel.swift */,
			);
			path = friends;
			sourceTree = "<group>";
		};
		3FC27A072AA7106500EC59A1 /* font */ = {
			isa = PBXGroup;
			children = (
				3FC27A082AA7106500EC59A1 /* SF Pro Text.ttf */,
				3FC27A092AA7106500EC59A1 /* Sacramento.ttf */,
				3FC27A0A2AA7106500EC59A1 /* Yomogi.ttf */,
				3FC27A0B2AA7106500EC59A1 /* SF UI TEXT.ttf */,
				3FC27A0C2AA7106500EC59A1 /* Purple Purse.ttf */,
				3FC27A0D2AA7106500EC59A1 /* Wendy One.ttf */,
				3FC27A0E2AA7106500EC59A1 /* Kreon.ttf */,
			);
			path = font;
			sourceTree = "<group>";
		};
		3FC6F7362AAF032B004F959F /* purhcase */ = {
			isa = PBXGroup;
			children = (
				3FC6F7372AAF0386004F959F /* PurchaseScreen.swift */,
			);
			path = purhcase;
			sourceTree = "<group>";
		};
		3FE3E5A52A9E6F56003CD376 /* widget */ = {
			isa = PBXGroup;
			children = (
				3FE3E5A32A9E6F4A003CD376 /* WidgetSingleScreen.swift */,
				3F7927A32A9F149900D5F1F5 /* WidgetHistoryScreen.swift */,
				3F7927A72A9F259B00D5F1F5 /* CreateWidgetScreen.swift */,
				3FC27A052AA70CE100EC59A1 /* EditQuoteScreen.swift */,
				3FCE39EA2AA324CA006401FE /* UploadImageScreen.swift */,
				3F7927A52A9F14D300D5F1F5 /* WidgetViewModel.swift */,
			);
			path = widget;
			sourceTree = "<group>";
		};
		3FFDB4172AA50DBB00E44674 /* app intents */ = {
			isa = PBXGroup;
			children = (
				3FFDB4132AA50D4A00E44674 /* ReactToWidgetIntent.swift */,
				3FFDB4182AA50DEE00E44674 /* UpdateWidgetIntent.swift */,
			);
			path = "app intents";
			sourceTree = "<group>";
		};
		806CA8D42A9DD21900599C14 = {
			isa = PBXGroup;
			children = (
				3F1491532AA4425300850ED8 /* WidgyExtension.entitlements */,
				3F1491222AA43EE400850ED8 /* WidgetZyExtension.entitlements */,
				806CA8DF2A9DD21900599C14 /* LoveWidget */,
				3F1491302AA4413400850ED8 /* Widgy */,
				3F1491482AA4423A00850ED8 /* WidgetEditIntent */,
				3F569D202AA9AEFC00A66837 /* OneSignalNotificationServiceExtension */,
				3F14910E2AA43ED900850ED8 /* Frameworks */,
				806CA8DE2A9DD21900599C14 /* Products */,
			);
			sourceTree = "<group>";
		};
		806CA8DE2A9DD21900599C14 /* Products */ = {
			isa = PBXGroup;
			children = (
				806CA8DD2A9DD21900599C14 /* LoveWidget.app */,
				3F14912D2AA4413400850ED8 /* WidgyExtension.appex */,
				3F1491452AA4423A00850ED8 /* WidgetEditIntent.appex */,
				3F569D1F2AA9AEFC00A66837 /* OneSignalNotificationServiceExtension.appex */,
			);
			name = Products;
			sourceTree = "<group>";
		};
		806CA8DF2A9DD21900599C14 /* LoveWidget */ = {
			isa = PBXGroup;
			children = (
				3F0B3BFB2AB0A5E200844827 /* intro_vid.mp4 */,
				3F83A60A2AA89A5E0072A380 /* loading2.json */,
				3F6FA8EA2AA7850F005EA60B /* loading.json */,
				3F6FA8D82AA77FB4005EA60B /* GoogleService-Info.plist */,
				3FC27A072AA7106500EC59A1 /* font */,
				3F4799E62AA08A8C006BA057 /* Info.plist */,
				3F4799D32AA07D52006BA057 /* api */,
				3F2325452AB2F286000FCCC6 /* repository */,
				3F4799D12AA07D3E006BA057 /* view */,
				3F4799D22AA07D47006BA057 /* app */,
				806CA8E42A9DD21B00599C14 /* Assets.xcassets */,
				806CA8E62A9DD21B00599C14 /* LoveWidget.entitlements */,
				806CA8E72A9DD21B00599C14 /* Preview Content */,
				3F4799E42AA085FA006BA057 /* UserSettings.swift */,
				3F52DCCE2AA625D500F6CD80 /* BannerView.swift */,
				3FC6F7392AAF1FDE004F959F /* PurchaseFile.storekit */,
			);
			path = LoveWidget;
			sourceTree = "<group>";
		};
		806CA8E72A9DD21B00599C14 /* Preview Content */ = {
			isa = PBXGroup;
			children = (
				806CA8E82A9DD21B00599C14 /* Preview Assets.xcassets */,
			);
			path = "Preview Content";
			sourceTree = "<group>";
		};
		806CA8F12A9DD7D600599C14 /* login */ = {
			isa = PBXGroup;
			children = (
				806CA8EF2A9DD27100599C14 /* LoginScreen.swift */,
				806CA8F22A9DD7E200599C14 /* LoginViewModel.swift */,
				3F83A60F2AA89D5B0072A380 /* SignupScreen.swift */,
				3F83A6142AA8A3880072A380 /* ForgetPasswordScreen.swift */,
				3F83A6162AA8A5980072A380 /* ResetPasswordScreen.swift */,
			);
			path = login;
			sourceTree = "<group>";
		};
		806CA8F92A9DDD1200599C14 /* main */ = {
			isa = PBXGroup;
			children = (
				806CA8F72A9DDD0E00599C14 /* MainScreen.swift */,
				3FC586522A9E19B200D85919 /* MainViewModel.swift */,
				3F1F14D02AAAF98700A065B2 /* ProfileScreen.swift */,
			);
			path = main;
			sourceTree = "<group>";
		};
/* End PBXGroup section */

/* Begin PBXNativeTarget section */
		3F14912C2AA4413400850ED8 /* WidgyExtension */ = {
			isa = PBXNativeTarget;
			buildConfigurationList = 3F14913B2AA4413700850ED8 /* Build configuration list for PBXNativeTarget "WidgyExtension" */;
			buildPhases = (
				3F1491292AA4413400850ED8 /* Sources */,
				3F14912A2AA4413400850ED8 /* Frameworks */,
				3F14912B2AA4413400850ED8 /* Resources */,
			);
			buildRules = (
			);
			dependencies = (
			);
			name = WidgyExtension;
			packageProductDependencies = (
				3F1491682AA44CEE00850ED8 /* SwiftyJSON */,
				3F14916A2AA44D0800850ED8 /* Alamofire */,
				3F14916C2AA44D0B00850ED8 /* EnigmaSystemDesign */,
			);
			productName = WidgyExtension;
			productReference = 3F14912D2AA4413400850ED8 /* WidgyExtension.appex */;
			productType = "com.apple.product-type.app-extension";
		};
		3F1491442AA4423A00850ED8 /* WidgetEditIntent */ = {
			isa = PBXNativeTarget;
			buildConfigurationList = 3F14914F2AA4423A00850ED8 /* Build configuration list for PBXNativeTarget "WidgetEditIntent" */;
			buildPhases = (
				3F1491412AA4423A00850ED8 /* Sources */,
				3F1491422AA4423A00850ED8 /* Frameworks */,
				3F1491432AA4423A00850ED8 /* Resources */,
			);
			buildRules = (
			);
			dependencies = (
			);
			name = WidgetEditIntent;
			packageProductDependencies = (
				3F1491662AA44CE900850ED8 /* SwiftyJSON */,
				3F14916E2AA44D1200850ED8 /* Alamofire */,
				3F1491702AA44D1500850ED8 /* EnigmaSystemDesign */,
			);
			productName = WidgetEditIntent;
			productReference = 3F1491452AA4423A00850ED8 /* WidgetEditIntent.appex */;
			productType = "com.apple.product-type.app-extension";
		};
		3F569D1E2AA9AEFC00A66837 /* OneSignalNotificationServiceExtension */ = {
			isa = PBXNativeTarget;
			buildConfigurationList = 3F569D272AA9AEFC00A66837 /* Build configuration list for PBXNativeTarget "OneSignalNotificationServiceExtension" */;
			buildPhases = (
				3F569D1B2AA9AEFC00A66837 /* Sources */,
				3F569D1C2AA9AEFC00A66837 /* Frameworks */,
				3F569D1D2AA9AEFC00A66837 /* Resources */,
			);
			buildRules = (
			);
			dependencies = (
			);
			name = OneSignalNotificationServiceExtension;
			packageProductDependencies = (
				3F569D392AA9B1E000A66837 /* OneSignalExtension */,
			);
			productName = OneSignalNotificationServiceExtension;
			productReference = 3F569D1F2AA9AEFC00A66837 /* OneSignalNotificationServiceExtension.appex */;
			productType = "com.apple.product-type.app-extension";
		};
		806CA8DC2A9DD21900599C14 /* LoveWidget */ = {
			isa = PBXNativeTarget;
			buildConfigurationList = 806CA8EC2A9DD21B00599C14 /* Build configuration list for PBXNativeTarget "LoveWidget" */;
			buildPhases = (
				806CA8D92A9DD21900599C14 /* Sources */,
				806CA8DA2A9DD21900599C14 /* Frameworks */,
				806CA8DB2A9DD21900599C14 /* Resources */,
				3F14911E2AA43EDC00850ED8 /* Embed Foundation Extensions */,
			);
			buildRules = (
			);
			dependencies = (
				3F1491392AA4413700850ED8 /* PBXTargetDependency */,
				3F14914D2AA4423A00850ED8 /* PBXTargetDependency */,
				3F569D252AA9AEFC00A66837 /* PBXTargetDependency */,
			);
			name = LoveWidget;
			packageProductDependencies = (
				806CA8F52A9DD8C500599C14 /* EnigmaSystemDesign */,
				3F4799D52AA07E34006BA057 /* Alamofire */,
				3F4799E22AA08393006BA057 /* SwiftyJSON */,
				3F6FA8DD2AA780D9005EA60B /* FirebaseAnalytics */,
				3F6FA8DF2AA780D9005EA60B /* FirebaseAnalyticsSwift */,
				3F6FA8E12AA780D9005EA60B /* FirebaseCrashlytics */,
				3F6FA8E32AA780D9005EA60B /* FirebaseRemoteConfig */,
				3F6FA8E52AA780D9005EA60B /* FirebaseRemoteConfigSwift */,
				3F6FA8E82AA7835F005EA60B /* LottieSwiftUI */,
				3F569D3B2AA9B1E000A66837 /* OneSignalFramework */,
			);
			productName = LoveWidget;
			productReference = 806CA8DD2A9DD21900599C14 /* LoveWidget.app */;
			productType = "com.apple.product-type.application";
		};
/* End PBXNativeTarget section */

/* Begin PBXProject section */
		806CA8D52A9DD21900599C14 /* Project object */ = {
			isa = PBXProject;
			attributes = {
				BuildIndependentTargetsInParallel = 1;
				LastSwiftUpdateCheck = 1500;
				LastUpgradeCheck = 1430;
				TargetAttributes = {
					3F14912C2AA4413400850ED8 = {
						CreatedOnToolsVersion = 15.0;
					};
					3F1491442AA4423A00850ED8 = {
						CreatedOnToolsVersion = 15.0;
					};
					3F569D1E2AA9AEFC00A66837 = {
						CreatedOnToolsVersion = 15.0;
					};
					806CA8DC2A9DD21900599C14 = {
						CreatedOnToolsVersion = 14.3;
					};
				};
			};
			buildConfigurationList = 806CA8D82A9DD21900599C14 /* Build configuration list for PBXProject "LoveWidget" */;
			compatibilityVersion = "Xcode 14.0";
			developmentRegion = en;
			hasScannedForEncodings = 0;
			knownRegions = (
				en,
				Base,
			);
			mainGroup = 806CA8D42A9DD21900599C14;
			packageReferences = (
				806CA8F42A9DD8C500599C14 /* XCRemoteSwiftPackageReference "EnigmaSystemDesign" */,
				3F4799D42AA07E34006BA057 /* XCRemoteSwiftPackageReference "Alamofire" */,
				3F4799E12AA08393006BA057 /* XCRemoteSwiftPackageReference "SwiftyJSON" */,
				3F6FA8DC2AA780D9005EA60B /* XCRemoteSwiftPackageReference "firebase-ios-sdk" */,
				3F6FA8E72AA7835F005EA60B /* XCRemoteSwiftPackageReference "Lottie-SwiftUI" */,
				3F6F1E062AA794AC009E7230 /* XCRemoteSwiftPackageReference "OneSignal-XCFramework" */,
			);
			productRefGroup = 806CA8DE2A9DD21900599C14 /* Products */;
			projectDirPath = "";
			projectRoot = "";
			targets = (
				806CA8DC2A9DD21900599C14 /* LoveWidget */,
				3F14912C2AA4413400850ED8 /* WidgyExtension */,
				3F1491442AA4423A00850ED8 /* WidgetEditIntent */,
				3F569D1E2AA9AEFC00A66837 /* OneSignalNotificationServiceExtension */,
			);
		};
/* End PBXProject section */

/* Begin PBXResourcesBuildPhase section */
		3F14912B2AA4413400850ED8 /* Resources */ = {
			isa = PBXResourcesBuildPhase;
			buildActionMask = 2147483647;
			files = (
				3F1D3E812AA4632000C7EAC9 /* Assets.xcassets in Resources */,
				3F1491362AA4413700850ED8 /* Assets.xcassets in Resources */,
				3F83A60C2AA89A5F0072A380 /* loading2.json in Resources */,
				3F6FA8EC2AA7850F005EA60B /* loading.json in Resources */,
				3F6FA8DA2AA77FB4005EA60B /* GoogleService-Info.plist in Resources */,
			);
			runOnlyForDeploymentPostprocessing = 0;
		};
		3F1491432AA4423A00850ED8 /* Resources */ = {
			isa = PBXResourcesBuildPhase;
			buildActionMask = 2147483647;
			files = (
				3F1D3E822AA4632100C7EAC9 /* Assets.xcassets in Resources */,
				3F83A60D2AA89A5F0072A380 /* loading2.json in Resources */,
				3F6FA8DB2AA77FB4005EA60B /* GoogleService-Info.plist in Resources */,
				3F6FA8ED2AA7850F005EA60B /* loading.json in Resources */,
			);
			runOnlyForDeploymentPostprocessing = 0;
		};
		3F569D1D2AA9AEFC00A66837 /* Resources */ = {
			isa = PBXResourcesBuildPhase;
			buildActionMask = 2147483647;
			files = (
			);
			runOnlyForDeploymentPostprocessing = 0;
		};
		806CA8DB2A9DD21900599C14 /* Resources */ = {
			isa = PBXResourcesBuildPhase;
			buildActionMask = 2147483647;
			files = (
				3FC27A0F2AA7106500EC59A1 /* SF Pro Text.ttf in Resources */,
				3F83A60B2AA89A5F0072A380 /* loading2.json in Resources */,
				806CA8E92A9DD21B00599C14 /* Preview Assets.xcassets in Resources */,
				3FC27A152AA7106500EC59A1 /* Kreon.ttf in Resources */,
				3FC27A142AA7106500EC59A1 /* Wendy One.ttf in Resources */,
				3F6FA8EB2AA7850F005EA60B /* loading.json in Resources */,
				3FC27A112AA7106500EC59A1 /* Yomogi.ttf in Resources */,
				806CA8E52A9DD21B00599C14 /* Assets.xcassets in Resources */,
				3F0B3BFC2AB0A5E200844827 /* intro_vid.mp4 in Resources */,
				3FC27A132AA7106500EC59A1 /* Purple Purse.ttf in Resources */,
				3FC6F73A2AAF1FDE004F959F /* PurchaseFile.storekit in Resources */,
				3F6FA8D92AA77FB4005EA60B /* GoogleService-Info.plist in Resources */,
				3FC27A122AA7106500EC59A1 /* SF UI TEXT.ttf in Resources */,
				3FC27A102AA7106500EC59A1 /* Sacramento.ttf in Resources */,
			);
			runOnlyForDeploymentPostprocessing = 0;
		};
/* End PBXResourcesBuildPhase section */

/* Begin PBXSourcesBuildPhase section */
		3F1491292AA4413400850ED8 /* Sources */ = {
			isa = PBXSourcesBuildPhase;
			buildActionMask = 2147483647;
			files = (
				3F1491592AA44CA600850ED8 /* WidgetViewModel.swift in Sources */,
				3F6F1E312AA79A6A009E7230 /* Widgy.swift in Sources */,
				3F14915E2AA44CBD00850ED8 /* ErrorType.swift in Sources */,
				3F1491622AA44CC300850ED8 /* DataState.swift in Sources */,
				3F2325562AB302C6000FCCC6 /* LoginViewModel.swift in Sources */,
				3F6F1E2C2AA799A3009E7230 /* Utils.swift in Sources */,
				3F6F1E2E2AA79A0E009E7230 /* WidgyBundle.swift in Sources */,
				3F1D3E852AA4D21700C7EAC9 /* WidgetNetworkManager.swift in Sources */,
				3F23255A2AB30316000FCCC6 /* LoginApiService.swift in Sources */,
				3F1491552AA4452500850ED8 /* IntentHandler.swift in Sources */,
				3F2325582AB3030C000FCCC6 /* LoginRepository.swift in Sources */,
				3F1491642AA44CC600850ED8 /* ApiServices.swift in Sources */,
				3FFDB41A2AA50DEE00E44674 /* UpdateWidgetIntent.swift in Sources */,
				3F1491562AA44C9400850ED8 /* UserSettings.swift in Sources */,
				3FFDB4152AA50D4A00E44674 /* ReactToWidgetIntent.swift in Sources */,
				3F1491402AA441A500850ED8 /* MyWidgetIntentFile.intentdefinition in Sources */,
				3F14915C2AA44CB700850ED8 /* MyDecoder.swift in Sources */,
			);
			runOnlyForDeploymentPostprocessing = 0;
		};
		3F1491412AA4423A00850ED8 /* Sources */ = {
			isa = PBXSourcesBuildPhase;
			buildActionMask = 2147483647;
			files = (
				3F1491582AA44CA500850ED8 /* WidgetViewModel.swift in Sources */,
				3F14915F2AA44CBD00850ED8 /* ErrorType.swift in Sources */,
				3F6F1E2B2AA799A2009E7230 /* Utils.swift in Sources */,
				3F2325592AB3030C000FCCC6 /* LoginRepository.swift in Sources */,
				3F1491542AA442E800850ED8 /* MyWidgetIntentFile.intentdefinition in Sources */,
				3F1491632AA44CC400850ED8 /* DataState.swift in Sources */,
				3F2325572AB302C7000FCCC6 /* LoginViewModel.swift in Sources */,
				3F1491652AA44CC700850ED8 /* ApiServices.swift in Sources */,
				3F14915D2AA44CB800850ED8 /* MyDecoder.swift in Sources */,
				3F1491572AA44C9500850ED8 /* UserSettings.swift in Sources */,
				3FFDB41B2AA50DEE00E44674 /* UpdateWidgetIntent.swift in Sources */,
				3FFDB4162AA50D4A00E44674 /* ReactToWidgetIntent.swift in Sources */,
				3F14914A2AA4423A00850ED8 /* IntentHandler.swift in Sources */,
				3F1D3E862AA4D21700C7EAC9 /* WidgetNetworkManager.swift in Sources */,
				3F23255B2AB30317000FCCC6 /* LoginApiService.swift in Sources */,
			);
			runOnlyForDeploymentPostprocessing = 0;
		};
		3F569D1B2AA9AEFC00A66837 /* Sources */ = {
			isa = PBXSourcesBuildPhase;
			buildActionMask = 2147483647;
			files = (
				3F569D222AA9AEFC00A66837 /* NotificationService.swift in Sources */,
			);
			runOnlyForDeploymentPostprocessing = 0;
		};
		806CA8D92A9DD21900599C14 /* Sources */ = {
			isa = PBXSourcesBuildPhase;
			buildActionMask = 2147483647;
			files = (
				806CA8F32A9DD7E200599C14 /* LoginViewModel.swift in Sources */,
				3F4799DC2AA07FD9006BA057 /* ErrorType.swift in Sources */,
				3F068DC32AAC4D3C008D7C8D /* IntroScreen.swift in Sources */,
				3F1D3E842AA4D21700C7EAC9 /* WidgetNetworkManager.swift in Sources */,
				3F79279F2A9F10E600D5F1F5 /* FriendsScreen.swift in Sources */,
				3F2325432AB2F138000FCCC6 /* MainApiService.swift in Sources */,
				3F7927A42A9F149900D5F1F5 /* WidgetHistoryScreen.swift in Sources */,
				3F2325502AB3024E000FCCC6 /* LoginRepository.swift in Sources */,
				3F7927A82A9F259B00D5F1F5 /* CreateWidgetScreen.swift in Sources */,
				806CA8E32A9DD21900599C14 /* ContentView.swift in Sources */,
				3F4799DF2AA07FD9006BA057 /* MyDecoder.swift in Sources */,
				806CA8F82A9DDD0E00599C14 /* MainScreen.swift in Sources */,
				3F2325492AB2F5CB000FCCC6 /* FriendsApiService.swift in Sources */,
				3FC6F7382AAF0386004F959F /* PurchaseScreen.swift in Sources */,
				3F14913F2AA441A000850ED8 /* MyWidgetIntentFile.intentdefinition in Sources */,
				3FE3E5A42A9E6F4A003CD376 /* WidgetSingleScreen.swift in Sources */,
				3F4799E02AA07FD9006BA057 /* Utils.swift in Sources */,
				3F4799DD2AA07FD9006BA057 /* ApiServices.swift in Sources */,
				3F23254B2AB2F81D000FCCC6 /* FriendsRepository.swift in Sources */,
				806CA8E12A9DD21900599C14 /* LoveWidgetApp.swift in Sources */,
				3F7927A62A9F14D300D5F1F5 /* WidgetViewModel.swift in Sources */,
				3FC27A062AA70CE100EC59A1 /* EditQuoteScreen.swift in Sources */,
				3FCE39EB2AA324CA006401FE /* UploadImageScreen.swift in Sources */,
				3F6F1E302AA79A28009E7230 /* IntentHandler.swift in Sources */,
				3F4799E52AA085FA006BA057 /* UserSettings.swift in Sources */,
				3F1F14D12AAAF98700A065B2 /* ProfileScreen.swift in Sources */,
				806CA8F02A9DD27100599C14 /* LoginScreen.swift in Sources */,
				3F2325472AB2F29F000FCCC6 /* MainRepository.swift in Sources */,
				3F4799DE2AA07FD9006BA057 /* DataState.swift in Sources */,
				3F23254D2AB2F90C000FCCC6 /* LoginApiService.swift in Sources */,
				3FC586532A9E19B200D85919 /* MainViewModel.swift in Sources */,
				3F83A6102AA89D5B0072A380 /* SignupScreen.swift in Sources */,
				3F83A6172AA8A5980072A380 /* ResetPasswordScreen.swift in Sources */,
				3F52DCCF2AA625D500F6CD80 /* BannerView.swift in Sources */,
				3FFDB4142AA50D4A00E44674 /* ReactToWidgetIntent.swift in Sources */,
				3F83A6152AA8A3880072A380 /* ForgetPasswordScreen.swift in Sources */,
				3F7927A22A9F110900D5F1F5 /* FriendsViewModel.swift in Sources */,
				3FFDB4192AA50DEE00E44674 /* UpdateWidgetIntent.swift in Sources */,
			);
			runOnlyForDeploymentPostprocessing = 0;
		};
/* End PBXSourcesBuildPhase section */

/* Begin PBXTargetDependency section */
		3F1491392AA4413700850ED8 /* PBXTargetDependency */ = {
			isa = PBXTargetDependency;
			target = 3F14912C2AA4413400850ED8 /* WidgyExtension */;
			targetProxy = 3F1491382AA4413700850ED8 /* PBXContainerItemProxy */;
		};
		3F14914D2AA4423A00850ED8 /* PBXTargetDependency */ = {
			isa = PBXTargetDependency;
			target = 3F1491442AA4423A00850ED8 /* WidgetEditIntent */;
			targetProxy = 3F14914C2AA4423A00850ED8 /* PBXContainerItemProxy */;
		};
		3F569D252AA9AEFC00A66837 /* PBXTargetDependency */ = {
			isa = PBXTargetDependency;
			target = 3F569D1E2AA9AEFC00A66837 /* OneSignalNotificationServiceExtension */;
			targetProxy = 3F569D242AA9AEFC00A66837 /* PBXContainerItemProxy */;
		};
/* End PBXTargetDependency section */

/* Begin XCBuildConfiguration section */
		3F14913C2AA4413700850ED8 /* Debug */ = {
			isa = XCBuildConfiguration;
			buildSettings = {
				ASSETCATALOG_COMPILER_GENERATE_SWIFT_ASSET_SYMBOL_EXTENSIONS = YES;
				ASSETCATALOG_COMPILER_GLOBAL_ACCENT_COLOR_NAME = AccentColor;
				ASSETCATALOG_COMPILER_WIDGET_BACKGROUND_COLOR_NAME = WidgetBackground;
				CODE_SIGN_ENTITLEMENTS = WidgyExtension.entitlements;
				CODE_SIGN_STYLE = Automatic;
				CURRENT_PROJECT_VERSION = 1;
				DEVELOPMENT_TEAM = 288G3K83N5;
				ENABLE_USER_SCRIPT_SANDBOXING = YES;
				GCC_C_LANGUAGE_STANDARD = gnu17;
				GENERATE_INFOPLIST_FILE = YES;
				INFOPLIST_FILE = Widgy/Info.plist;
				INFOPLIST_KEY_CFBundleDisplayName = Widgy;
				INFOPLIST_KEY_NSHumanReadableCopyright = "";
				IPHONEOS_DEPLOYMENT_TARGET = 17.0;
				LD_RUNPATH_SEARCH_PATHS = (
					"$(inherited)",
					"@executable_path/Frameworks",
					"@executable_path/../../Frameworks",
				);
				LOCALIZATION_PREFERS_STRING_CATALOGS = YES;
				MARKETING_VERSION = 1.0;
				PRODUCT_BUNDLE_IDENTIFIER = pedram.interwidget.Widgy;
				PRODUCT_NAME = "$(TARGET_NAME)";
				SDKROOT = iphoneos;
				SKIP_INSTALL = YES;
				SWIFT_ACTIVE_COMPILATION_CONDITIONS = "DEBUG $(inherited)";
				SWIFT_EMIT_LOC_STRINGS = YES;
				SWIFT_VERSION = 5.0;
				TARGETED_DEVICE_FAMILY = "1,2";
			};
			name = Debug;
		};
		3F14913D2AA4413700850ED8 /* Release */ = {
			isa = XCBuildConfiguration;
			buildSettings = {
				ASSETCATALOG_COMPILER_GENERATE_SWIFT_ASSET_SYMBOL_EXTENSIONS = YES;
				ASSETCATALOG_COMPILER_GLOBAL_ACCENT_COLOR_NAME = AccentColor;
				ASSETCATALOG_COMPILER_WIDGET_BACKGROUND_COLOR_NAME = WidgetBackground;
				CODE_SIGN_ENTITLEMENTS = WidgyExtension.entitlements;
				CODE_SIGN_STYLE = Automatic;
				CURRENT_PROJECT_VERSION = 1;
				DEVELOPMENT_TEAM = 288G3K83N5;
				ENABLE_USER_SCRIPT_SANDBOXING = YES;
				GCC_C_LANGUAGE_STANDARD = gnu17;
				GENERATE_INFOPLIST_FILE = YES;
				INFOPLIST_FILE = Widgy/Info.plist;
				INFOPLIST_KEY_CFBundleDisplayName = Widgy;
				INFOPLIST_KEY_NSHumanReadableCopyright = "";
				IPHONEOS_DEPLOYMENT_TARGET = 17.0;
				LD_RUNPATH_SEARCH_PATHS = (
					"$(inherited)",
					"@executable_path/Frameworks",
					"@executable_path/../../Frameworks",
				);
				LOCALIZATION_PREFERS_STRING_CATALOGS = YES;
				MARKETING_VERSION = 1.0;
				PRODUCT_BUNDLE_IDENTIFIER = pedram.interwidget.Widgy;
				PRODUCT_NAME = "$(TARGET_NAME)";
				SDKROOT = iphoneos;
				SKIP_INSTALL = YES;
				SWIFT_EMIT_LOC_STRINGS = YES;
				SWIFT_VERSION = 5.0;
				TARGETED_DEVICE_FAMILY = "1,2";
				VALIDATE_PRODUCT = YES;
			};
			name = Release;
		};
		3F1491502AA4423A00850ED8 /* Debug */ = {
			isa = XCBuildConfiguration;
			buildSettings = {
				ASSETCATALOG_COMPILER_GENERATE_SWIFT_ASSET_SYMBOL_EXTENSIONS = YES;
				CODE_SIGN_ENTITLEMENTS = WidgetEditIntent/WidgetEditIntent.entitlements;
				CODE_SIGN_STYLE = Automatic;
				CURRENT_PROJECT_VERSION = 1;
				DEVELOPMENT_TEAM = 288G3K83N5;
				ENABLE_USER_SCRIPT_SANDBOXING = YES;
				GCC_C_LANGUAGE_STANDARD = gnu17;
				GENERATE_INFOPLIST_FILE = YES;
				INFOPLIST_FILE = WidgetEditIntent/Info.plist;
				INFOPLIST_KEY_CFBundleDisplayName = WidgetEditIntent;
				INFOPLIST_KEY_NSHumanReadableCopyright = "";
				IPHONEOS_DEPLOYMENT_TARGET = 17.0;
				LD_RUNPATH_SEARCH_PATHS = (
					"$(inherited)",
					"@executable_path/Frameworks",
					"@executable_path/../../Frameworks",
				);
				LOCALIZATION_PREFERS_STRING_CATALOGS = YES;
				MARKETING_VERSION = 1.0;
				PRODUCT_BUNDLE_IDENTIFIER = pedram.interwidget.WidgetEditIntent;
				PRODUCT_NAME = "$(TARGET_NAME)";
				SDKROOT = iphoneos;
				SKIP_INSTALL = YES;
				SWIFT_ACTIVE_COMPILATION_CONDITIONS = "DEBUG $(inherited)";
				SWIFT_EMIT_LOC_STRINGS = YES;
				SWIFT_VERSION = 5.0;
				TARGETED_DEVICE_FAMILY = "1,2";
			};
			name = Debug;
		};
		3F1491512AA4423A00850ED8 /* Release */ = {
			isa = XCBuildConfiguration;
			buildSettings = {
				ASSETCATALOG_COMPILER_GENERATE_SWIFT_ASSET_SYMBOL_EXTENSIONS = YES;
				CODE_SIGN_ENTITLEMENTS = WidgetEditIntent/WidgetEditIntent.entitlements;
				CODE_SIGN_STYLE = Automatic;
				CURRENT_PROJECT_VERSION = 1;
				DEVELOPMENT_TEAM = 288G3K83N5;
				ENABLE_USER_SCRIPT_SANDBOXING = YES;
				GCC_C_LANGUAGE_STANDARD = gnu17;
				GENERATE_INFOPLIST_FILE = YES;
				INFOPLIST_FILE = WidgetEditIntent/Info.plist;
				INFOPLIST_KEY_CFBundleDisplayName = WidgetEditIntent;
				INFOPLIST_KEY_NSHumanReadableCopyright = "";
				IPHONEOS_DEPLOYMENT_TARGET = 17.0;
				LD_RUNPATH_SEARCH_PATHS = (
					"$(inherited)",
					"@executable_path/Frameworks",
					"@executable_path/../../Frameworks",
				);
				LOCALIZATION_PREFERS_STRING_CATALOGS = YES;
				MARKETING_VERSION = 1.0;
				PRODUCT_BUNDLE_IDENTIFIER = pedram.interwidget.WidgetEditIntent;
				PRODUCT_NAME = "$(TARGET_NAME)";
				SDKROOT = iphoneos;
				SKIP_INSTALL = YES;
				SWIFT_EMIT_LOC_STRINGS = YES;
				SWIFT_VERSION = 5.0;
				TARGETED_DEVICE_FAMILY = "1,2";
				VALIDATE_PRODUCT = YES;
			};
			name = Release;
		};
		3F569D282AA9AEFC00A66837 /* Debug */ = {
			isa = XCBuildConfiguration;
			buildSettings = {
				ASSETCATALOG_COMPILER_GENERATE_SWIFT_ASSET_SYMBOL_EXTENSIONS = YES;
				CODE_SIGN_STYLE = Automatic;
				CURRENT_PROJECT_VERSION = 1;
				DEVELOPMENT_TEAM = 288G3K83N5;
				ENABLE_USER_SCRIPT_SANDBOXING = YES;
				GCC_C_LANGUAGE_STANDARD = gnu17;
				GENERATE_INFOPLIST_FILE = YES;
				INFOPLIST_FILE = OneSignalNotificationServiceExtension/Info.plist;
				INFOPLIST_KEY_CFBundleDisplayName = OneSignalNotificationServiceExtension;
				INFOPLIST_KEY_NSHumanReadableCopyright = "";
				IPHONEOS_DEPLOYMENT_TARGET = 16.0;
				LD_RUNPATH_SEARCH_PATHS = (
					"$(inherited)",
					"@executable_path/Frameworks",
					"@executable_path/../../Frameworks",
				);
				LOCALIZATION_PREFERS_STRING_CATALOGS = YES;
				MARKETING_VERSION = 1.0;
				PRODUCT_BUNDLE_IDENTIFIER = pedram.interwidget.OneSignalNotificationServiceExtension;
				PRODUCT_NAME = "$(TARGET_NAME)";
				SDKROOT = iphoneos;
				SKIP_INSTALL = YES;
				SWIFT_ACTIVE_COMPILATION_CONDITIONS = "DEBUG $(inherited)";
				SWIFT_EMIT_LOC_STRINGS = YES;
				SWIFT_VERSION = 5.0;
				TARGETED_DEVICE_FAMILY = "1,2";
			};
			name = Debug;
		};
		3F569D292AA9AEFC00A66837 /* Release */ = {
			isa = XCBuildConfiguration;
			buildSettings = {
				ASSETCATALOG_COMPILER_GENERATE_SWIFT_ASSET_SYMBOL_EXTENSIONS = YES;
				CODE_SIGN_STYLE = Automatic;
				CURRENT_PROJECT_VERSION = 1;
				DEVELOPMENT_TEAM = 288G3K83N5;
				ENABLE_USER_SCRIPT_SANDBOXING = YES;
				GCC_C_LANGUAGE_STANDARD = gnu17;
				GENERATE_INFOPLIST_FILE = YES;
				INFOPLIST_FILE = OneSignalNotificationServiceExtension/Info.plist;
				INFOPLIST_KEY_CFBundleDisplayName = OneSignalNotificationServiceExtension;
				INFOPLIST_KEY_NSHumanReadableCopyright = "";
				IPHONEOS_DEPLOYMENT_TARGET = 16.0;
				LD_RUNPATH_SEARCH_PATHS = (
					"$(inherited)",
					"@executable_path/Frameworks",
					"@executable_path/../../Frameworks",
				);
				LOCALIZATION_PREFERS_STRING_CATALOGS = YES;
				MARKETING_VERSION = 1.0;
				PRODUCT_BUNDLE_IDENTIFIER = pedram.interwidget.OneSignalNotificationServiceExtension;
				PRODUCT_NAME = "$(TARGET_NAME)";
				SDKROOT = iphoneos;
				SKIP_INSTALL = YES;
				SWIFT_EMIT_LOC_STRINGS = YES;
				SWIFT_VERSION = 5.0;
				TARGETED_DEVICE_FAMILY = "1,2";
				VALIDATE_PRODUCT = YES;
			};
			name = Release;
		};
		806CA8EA2A9DD21B00599C14 /* Debug */ = {
			isa = XCBuildConfiguration;
			buildSettings = {
				ALWAYS_SEARCH_USER_PATHS = NO;
				CLANG_ANALYZER_NONNULL = YES;
				CLANG_ANALYZER_NUMBER_OBJECT_CONVERSION = YES_AGGRESSIVE;
				CLANG_CXX_LANGUAGE_STANDARD = "gnu++20";
				CLANG_ENABLE_MODULES = YES;
				CLANG_ENABLE_OBJC_ARC = YES;
				CLANG_ENABLE_OBJC_WEAK = YES;
				CLANG_WARN_BLOCK_CAPTURE_AUTORELEASING = YES;
				CLANG_WARN_BOOL_CONVERSION = YES;
				CLANG_WARN_COMMA = YES;
				CLANG_WARN_CONSTANT_CONVERSION = YES;
				CLANG_WARN_DEPRECATED_OBJC_IMPLEMENTATIONS = YES;
				CLANG_WARN_DIRECT_OBJC_ISA_USAGE = YES_ERROR;
				CLANG_WARN_DOCUMENTATION_COMMENTS = YES;
				CLANG_WARN_EMPTY_BODY = YES;
				CLANG_WARN_ENUM_CONVERSION = YES;
				CLANG_WARN_INFINITE_RECURSION = YES;
				CLANG_WARN_INT_CONVERSION = YES;
				CLANG_WARN_NON_LITERAL_NULL_CONVERSION = YES;
				CLANG_WARN_OBJC_IMPLICIT_RETAIN_SELF = YES;
				CLANG_WARN_OBJC_LITERAL_CONVERSION = YES;
				CLANG_WARN_OBJC_ROOT_CLASS = YES_ERROR;
				CLANG_WARN_QUOTED_INCLUDE_IN_FRAMEWORK_HEADER = YES;
				CLANG_WARN_RANGE_LOOP_ANALYSIS = YES;
				CLANG_WARN_STRICT_PROTOTYPES = YES;
				CLANG_WARN_SUSPICIOUS_MOVE = YES;
				CLANG_WARN_UNGUARDED_AVAILABILITY = YES_AGGRESSIVE;
				CLANG_WARN_UNREACHABLE_CODE = YES;
				CLANG_WARN__DUPLICATE_METHOD_MATCH = YES;
				COPY_PHASE_STRIP = NO;
				DEBUG_INFORMATION_FORMAT = dwarf;
				ENABLE_STRICT_OBJC_MSGSEND = YES;
				ENABLE_TESTABILITY = YES;
				GCC_C_LANGUAGE_STANDARD = gnu11;
				GCC_DYNAMIC_NO_PIC = NO;
				GCC_NO_COMMON_BLOCKS = YES;
				GCC_OPTIMIZATION_LEVEL = 0;
				GCC_PREPROCESSOR_DEFINITIONS = (
					"DEBUG=1",
					"$(inherited)",
				);
				GCC_WARN_64_TO_32_BIT_CONVERSION = YES;
				GCC_WARN_ABOUT_RETURN_TYPE = YES_ERROR;
				GCC_WARN_UNDECLARED_SELECTOR = YES;
				GCC_WARN_UNINITIALIZED_AUTOS = YES_AGGRESSIVE;
				GCC_WARN_UNUSED_FUNCTION = YES;
				GCC_WARN_UNUSED_VARIABLE = YES;
				MTL_ENABLE_DEBUG_INFO = INCLUDE_SOURCE;
				MTL_FAST_MATH = YES;
				ONLY_ACTIVE_ARCH = YES;
				SWIFT_ACTIVE_COMPILATION_CONDITIONS = DEBUG;
				SWIFT_OPTIMIZATION_LEVEL = "-Onone";
			};
			name = Debug;
		};
		806CA8EB2A9DD21B00599C14 /* Release */ = {
			isa = XCBuildConfiguration;
			buildSettings = {
				ALWAYS_SEARCH_USER_PATHS = NO;
				CLANG_ANALYZER_NONNULL = YES;
				CLANG_ANALYZER_NUMBER_OBJECT_CONVERSION = YES_AGGRESSIVE;
				CLANG_CXX_LANGUAGE_STANDARD = "gnu++20";
				CLANG_ENABLE_MODULES = YES;
				CLANG_ENABLE_OBJC_ARC = YES;
				CLANG_ENABLE_OBJC_WEAK = YES;
				CLANG_WARN_BLOCK_CAPTURE_AUTORELEASING = YES;
				CLANG_WARN_BOOL_CONVERSION = YES;
				CLANG_WARN_COMMA = YES;
				CLANG_WARN_CONSTANT_CONVERSION = YES;
				CLANG_WARN_DEPRECATED_OBJC_IMPLEMENTATIONS = YES;
				CLANG_WARN_DIRECT_OBJC_ISA_USAGE = YES_ERROR;
				CLANG_WARN_DOCUMENTATION_COMMENTS = YES;
				CLANG_WARN_EMPTY_BODY = YES;
				CLANG_WARN_ENUM_CONVERSION = YES;
				CLANG_WARN_INFINITE_RECURSION = YES;
				CLANG_WARN_INT_CONVERSION = YES;
				CLANG_WARN_NON_LITERAL_NULL_CONVERSION = YES;
				CLANG_WARN_OBJC_IMPLICIT_RETAIN_SELF = YES;
				CLANG_WARN_OBJC_LITERAL_CONVERSION = YES;
				CLANG_WARN_OBJC_ROOT_CLASS = YES_ERROR;
				CLANG_WARN_QUOTED_INCLUDE_IN_FRAMEWORK_HEADER = YES;
				CLANG_WARN_RANGE_LOOP_ANALYSIS = YES;
				CLANG_WARN_STRICT_PROTOTYPES = YES;
				CLANG_WARN_SUSPICIOUS_MOVE = YES;
				CLANG_WARN_UNGUARDED_AVAILABILITY = YES_AGGRESSIVE;
				CLANG_WARN_UNREACHABLE_CODE = YES;
				CLANG_WARN__DUPLICATE_METHOD_MATCH = YES;
				COPY_PHASE_STRIP = NO;
				DEBUG_INFORMATION_FORMAT = "dwarf-with-dsym";
				ENABLE_NS_ASSERTIONS = NO;
				ENABLE_STRICT_OBJC_MSGSEND = YES;
				GCC_C_LANGUAGE_STANDARD = gnu11;
				GCC_NO_COMMON_BLOCKS = YES;
				GCC_WARN_64_TO_32_BIT_CONVERSION = YES;
				GCC_WARN_ABOUT_RETURN_TYPE = YES_ERROR;
				GCC_WARN_UNDECLARED_SELECTOR = YES;
				GCC_WARN_UNINITIALIZED_AUTOS = YES_AGGRESSIVE;
				GCC_WARN_UNUSED_FUNCTION = YES;
				GCC_WARN_UNUSED_VARIABLE = YES;
				MTL_ENABLE_DEBUG_INFO = NO;
				MTL_FAST_MATH = YES;
				SWIFT_COMPILATION_MODE = wholemodule;
				SWIFT_OPTIMIZATION_LEVEL = "-O";
			};
			name = Release;
		};
		806CA8ED2A9DD21B00599C14 /* Debug */ = {
			isa = XCBuildConfiguration;
			buildSettings = {
				ALWAYS_EMBED_SWIFT_STANDARD_LIBRARIES = YES;
				ASSETCATALOG_COMPILER_APPICON_NAME = AppIcon;
				ASSETCATALOG_COMPILER_GLOBAL_ACCENT_COLOR_NAME = AccentColor;
				CODE_SIGN_ENTITLEMENTS = LoveWidget/LoveWidget.entitlements;
				CODE_SIGN_STYLE = Automatic;
				CURRENT_PROJECT_VERSION = 1;
				DEVELOPMENT_ASSET_PATHS = "\"LoveWidget/Preview Content\"";
				DEVELOPMENT_TEAM = 288G3K83N5;
				ENABLE_HARDENED_RUNTIME = YES;
				ENABLE_PREVIEWS = YES;
				GENERATE_INFOPLIST_FILE = YES;
				INFOPLIST_FILE = LoveWidget/Info.plist;
				INFOPLIST_KEY_CFBundleDisplayName = "Love Widget";
				INFOPLIST_KEY_LSApplicationCategoryType = "public.app-category.lifestyle";
				INFOPLIST_KEY_NSCameraUsageDescription = "Need this permission to capture image from camera and send that to your friend's widget";
				INFOPLIST_KEY_NSPhotoLibraryUsageDescription = "Need this permission to pick an image from gallery and send that to your friend's widget";
				"INFOPLIST_KEY_UIApplicationSceneManifest_Generation[sdk=iphoneos*]" = YES;
				"INFOPLIST_KEY_UIApplicationSceneManifest_Generation[sdk=iphonesimulator*]" = YES;
				"INFOPLIST_KEY_UIApplicationSupportsIndirectInputEvents[sdk=iphoneos*]" = YES;
				"INFOPLIST_KEY_UIApplicationSupportsIndirectInputEvents[sdk=iphonesimulator*]" = YES;
				"INFOPLIST_KEY_UILaunchScreen_Generation[sdk=iphoneos*]" = YES;
				"INFOPLIST_KEY_UILaunchScreen_Generation[sdk=iphonesimulator*]" = YES;
				INFOPLIST_KEY_UIStatusBarStyle = UIStatusBarStyleLightContent;
				"INFOPLIST_KEY_UIStatusBarStyle[sdk=iphoneos*]" = UIStatusBarStyleDefault;
				"INFOPLIST_KEY_UIStatusBarStyle[sdk=iphonesimulator*]" = UIStatusBarStyleDefault;
				INFOPLIST_KEY_UISupportedInterfaceOrientations = UIInterfaceOrientationPortrait;
				INFOPLIST_KEY_UISupportedInterfaceOrientations_iPad = "UIInterfaceOrientationLandscapeLeft UIInterfaceOrientationLandscapeRight UIInterfaceOrientationPortrait UIInterfaceOrientationPortraitUpsideDown";
				IPHONEOS_DEPLOYMENT_TARGET = 17.0;
				LD_RUNPATH_SEARCH_PATHS = "@executable_path/Frameworks";
				"LD_RUNPATH_SEARCH_PATHS[sdk=macosx*]" = "@executable_path/../Frameworks";
				MACOSX_DEPLOYMENT_TARGET = 13.1;
				MARKETING_VERSION = 1.0;
				PRODUCT_BUNDLE_IDENTIFIER = pedram.interwidget;
				PRODUCT_NAME = "$(TARGET_NAME)";
				SDKROOT = auto;
				SUPPORTED_PLATFORMS = "iphoneos iphonesimulator";
				SUPPORTS_MACCATALYST = NO;
				SUPPORTS_MAC_DESIGNED_FOR_IPHONE_IPAD = NO;
				SWIFT_EMIT_LOC_STRINGS = YES;
				SWIFT_VERSION = 5.0;
				TARGETED_DEVICE_FAMILY = 1;
			};
			name = Debug;
		};
		806CA8EE2A9DD21B00599C14 /* Release */ = {
			isa = XCBuildConfiguration;
			buildSettings = {
				ALWAYS_EMBED_SWIFT_STANDARD_LIBRARIES = YES;
				ASSETCATALOG_COMPILER_APPICON_NAME = AppIcon;
				ASSETCATALOG_COMPILER_GLOBAL_ACCENT_COLOR_NAME = AccentColor;
				CODE_SIGN_ENTITLEMENTS = LoveWidget/LoveWidget.entitlements;
				CODE_SIGN_STYLE = Automatic;
				CURRENT_PROJECT_VERSION = 1;
				DEVELOPMENT_ASSET_PATHS = "\"LoveWidget/Preview Content\"";
				DEVELOPMENT_TEAM = 288G3K83N5;
				ENABLE_HARDENED_RUNTIME = YES;
				ENABLE_PREVIEWS = YES;
				GENERATE_INFOPLIST_FILE = YES;
				INFOPLIST_FILE = LoveWidget/Info.plist;
				INFOPLIST_KEY_CFBundleDisplayName = "Love Widget";
				INFOPLIST_KEY_LSApplicationCategoryType = "public.app-category.lifestyle";
				INFOPLIST_KEY_NSCameraUsageDescription = "Need this permission to capture image from camera and send that to your friend's widget";
				INFOPLIST_KEY_NSPhotoLibraryUsageDescription = "Need this permission to pick an image from gallery and send that to your friend's widget";
				"INFOPLIST_KEY_UIApplicationSceneManifest_Generation[sdk=iphoneos*]" = YES;
				"INFOPLIST_KEY_UIApplicationSceneManifest_Generation[sdk=iphonesimulator*]" = YES;
				"INFOPLIST_KEY_UIApplicationSupportsIndirectInputEvents[sdk=iphoneos*]" = YES;
				"INFOPLIST_KEY_UIApplicationSupportsIndirectInputEvents[sdk=iphonesimulator*]" = YES;
				"INFOPLIST_KEY_UILaunchScreen_Generation[sdk=iphoneos*]" = YES;
				"INFOPLIST_KEY_UILaunchScreen_Generation[sdk=iphonesimulator*]" = YES;
				INFOPLIST_KEY_UIStatusBarStyle = UIStatusBarStyleLightContent;
				"INFOPLIST_KEY_UIStatusBarStyle[sdk=iphoneos*]" = UIStatusBarStyleDefault;
				"INFOPLIST_KEY_UIStatusBarStyle[sdk=iphonesimulator*]" = UIStatusBarStyleDefault;
				INFOPLIST_KEY_UISupportedInterfaceOrientations = UIInterfaceOrientationPortrait;
				INFOPLIST_KEY_UISupportedInterfaceOrientations_iPad = "UIInterfaceOrientationLandscapeLeft UIInterfaceOrientationLandscapeRight UIInterfaceOrientationPortrait UIInterfaceOrientationPortraitUpsideDown";
				IPHONEOS_DEPLOYMENT_TARGET = 17.0;
				LD_RUNPATH_SEARCH_PATHS = "@executable_path/Frameworks";
				"LD_RUNPATH_SEARCH_PATHS[sdk=macosx*]" = "@executable_path/../Frameworks";
				MACOSX_DEPLOYMENT_TARGET = 13.1;
				MARKETING_VERSION = 1.0;
				PRODUCT_BUNDLE_IDENTIFIER = pedram.interwidget;
				PRODUCT_NAME = "$(TARGET_NAME)";
				SDKROOT = auto;
				SUPPORTED_PLATFORMS = "iphoneos iphonesimulator";
				SUPPORTS_MACCATALYST = NO;
				SUPPORTS_MAC_DESIGNED_FOR_IPHONE_IPAD = NO;
				SWIFT_EMIT_LOC_STRINGS = YES;
				SWIFT_VERSION = 5.0;
				TARGETED_DEVICE_FAMILY = 1;
			};
			name = Release;
		};
/* End XCBuildConfiguration section */

/* Begin XCConfigurationList section */
		3F14913B2AA4413700850ED8 /* Build configuration list for PBXNativeTarget "WidgyExtension" */ = {
			isa = XCConfigurationList;
			buildConfigurations = (
				3F14913C2AA4413700850ED8 /* Debug */,
				3F14913D2AA4413700850ED8 /* Release */,
			);
			defaultConfigurationIsVisible = 0;
			defaultConfigurationName = Release;
		};
		3F14914F2AA4423A00850ED8 /* Build configuration list for PBXNativeTarget "WidgetEditIntent" */ = {
			isa = XCConfigurationList;
			buildConfigurations = (
				3F1491502AA4423A00850ED8 /* Debug */,
				3F1491512AA4423A00850ED8 /* Release */,
			);
			defaultConfigurationIsVisible = 0;
			defaultConfigurationName = Release;
		};
		3F569D272AA9AEFC00A66837 /* Build configuration list for PBXNativeTarget "OneSignalNotificationServiceExtension" */ = {
			isa = XCConfigurationList;
			buildConfigurations = (
				3F569D282AA9AEFC00A66837 /* Debug */,
				3F569D292AA9AEFC00A66837 /* Release */,
			);
			defaultConfigurationIsVisible = 0;
			defaultConfigurationName = Release;
		};
		806CA8D82A9DD21900599C14 /* Build configuration list for PBXProject "LoveWidget" */ = {
			isa = XCConfigurationList;
			buildConfigurations = (
				806CA8EA2A9DD21B00599C14 /* Debug */,
				806CA8EB2A9DD21B00599C14 /* Release */,
			);
			defaultConfigurationIsVisible = 0;
			defaultConfigurationName = Release;
		};
		806CA8EC2A9DD21B00599C14 /* Build configuration list for PBXNativeTarget "LoveWidget" */ = {
			isa = XCConfigurationList;
			buildConfigurations = (
				806CA8ED2A9DD21B00599C14 /* Debug */,
				806CA8EE2A9DD21B00599C14 /* Release */,
			);
			defaultConfigurationIsVisible = 0;
			defaultConfigurationName = Release;
		};
/* End XCConfigurationList section */

/* Begin XCRemoteSwiftPackageReference section */
		3F4799D42AA07E34006BA057 /* XCRemoteSwiftPackageReference "Alamofire" */ = {
			isa = XCRemoteSwiftPackageReference;
			repositoryURL = "https://github.com/Alamofire/Alamofire.git";
			requirement = {
				kind = upToNextMajorVersion;
				minimumVersion = 5.7.1;
			};
		};
		3F4799E12AA08393006BA057 /* XCRemoteSwiftPackageReference "SwiftyJSON" */ = {
			isa = XCRemoteSwiftPackageReference;
			repositoryURL = "https://github.com/SwiftyJSON/SwiftyJSON.git";
			requirement = {
				kind = upToNextMajorVersion;
				minimumVersion = 5.0.1;
			};
		};
		3F6F1E062AA794AC009E7230 /* XCRemoteSwiftPackageReference "OneSignal-XCFramework" */ = {
			isa = XCRemoteSwiftPackageReference;
			repositoryURL = "https://github.com/OneSignal/OneSignal-XCFramework";
			requirement = {
				kind = upToNextMajorVersion;
				minimumVersion = 5.0.1;
			};
		};
		3F6FA8DC2AA780D9005EA60B /* XCRemoteSwiftPackageReference "firebase-ios-sdk" */ = {
			isa = XCRemoteSwiftPackageReference;
			repositoryURL = "https://github.com/firebase/firebase-ios-sdk";
			requirement = {
				kind = upToNextMajorVersion;
				minimumVersion = 10.14.0;
			};
		};
		3F6FA8E72AA7835F005EA60B /* XCRemoteSwiftPackageReference "Lottie-SwiftUI" */ = {
			isa = XCRemoteSwiftPackageReference;
			repositoryURL = "https://github.com/LukasHromadnik/Lottie-SwiftUI.git";
			requirement = {
				kind = upToNextMajorVersion;
				minimumVersion = 1.2.2;
			};
		};
		806CA8F42A9DD8C500599C14 /* XCRemoteSwiftPackageReference "EnigmaSystemDesign" */ = {
			isa = XCRemoteSwiftPackageReference;
			repositoryURL = "https://github.com/padram39/EnigmaSystemDesign.git";
			requirement = {
				branch = main;
				kind = branch;
			};
		};
/* End XCRemoteSwiftPackageReference section */

/* Begin XCSwiftPackageProductDependency section */
		3F1491662AA44CE900850ED8 /* SwiftyJSON */ = {
			isa = XCSwiftPackageProductDependency;
			package = 3F4799E12AA08393006BA057 /* XCRemoteSwiftPackageReference "SwiftyJSON" */;
			productName = SwiftyJSON;
		};
		3F1491682AA44CEE00850ED8 /* SwiftyJSON */ = {
			isa = XCSwiftPackageProductDependency;
			package = 3F4799E12AA08393006BA057 /* XCRemoteSwiftPackageReference "SwiftyJSON" */;
			productName = SwiftyJSON;
		};
		3F14916A2AA44D0800850ED8 /* Alamofire */ = {
			isa = XCSwiftPackageProductDependency;
			package = 3F4799D42AA07E34006BA057 /* XCRemoteSwiftPackageReference "Alamofire" */;
			productName = Alamofire;
		};
		3F14916C2AA44D0B00850ED8 /* EnigmaSystemDesign */ = {
			isa = XCSwiftPackageProductDependency;
			package = 806CA8F42A9DD8C500599C14 /* XCRemoteSwiftPackageReference "EnigmaSystemDesign" */;
			productName = EnigmaSystemDesign;
		};
		3F14916E2AA44D1200850ED8 /* Alamofire */ = {
			isa = XCSwiftPackageProductDependency;
			package = 3F4799D42AA07E34006BA057 /* XCRemoteSwiftPackageReference "Alamofire" */;
			productName = Alamofire;
		};
		3F1491702AA44D1500850ED8 /* EnigmaSystemDesign */ = {
			isa = XCSwiftPackageProductDependency;
			package = 806CA8F42A9DD8C500599C14 /* XCRemoteSwiftPackageReference "EnigmaSystemDesign" */;
			productName = EnigmaSystemDesign;
		};
		3F4799D52AA07E34006BA057 /* Alamofire */ = {
			isa = XCSwiftPackageProductDependency;
			package = 3F4799D42AA07E34006BA057 /* XCRemoteSwiftPackageReference "Alamofire" */;
			productName = Alamofire;
		};
		3F4799E22AA08393006BA057 /* SwiftyJSON */ = {
			isa = XCSwiftPackageProductDependency;
			package = 3F4799E12AA08393006BA057 /* XCRemoteSwiftPackageReference "SwiftyJSON" */;
			productName = SwiftyJSON;
		};
		3F569D392AA9B1E000A66837 /* OneSignalExtension */ = {
			isa = XCSwiftPackageProductDependency;
			package = 3F6F1E062AA794AC009E7230 /* XCRemoteSwiftPackageReference "OneSignal-XCFramework" */;
			productName = OneSignalExtension;
		};
		3F569D3B2AA9B1E000A66837 /* OneSignalFramework */ = {
			isa = XCSwiftPackageProductDependency;
			package = 3F6F1E062AA794AC009E7230 /* XCRemoteSwiftPackageReference "OneSignal-XCFramework" */;
			productName = OneSignalFramework;
		};
		3F6FA8DD2AA780D9005EA60B /* FirebaseAnalytics */ = {
			isa = XCSwiftPackageProductDependency;
			package = 3F6FA8DC2AA780D9005EA60B /* XCRemoteSwiftPackageReference "firebase-ios-sdk" */;
			productName = FirebaseAnalytics;
		};
		3F6FA8DF2AA780D9005EA60B /* FirebaseAnalyticsSwift */ = {
			isa = XCSwiftPackageProductDependency;
			package = 3F6FA8DC2AA780D9005EA60B /* XCRemoteSwiftPackageReference "firebase-ios-sdk" */;
			productName = FirebaseAnalyticsSwift;
		};
		3F6FA8E12AA780D9005EA60B /* FirebaseCrashlytics */ = {
			isa = XCSwiftPackageProductDependency;
			package = 3F6FA8DC2AA780D9005EA60B /* XCRemoteSwiftPackageReference "firebase-ios-sdk" */;
			productName = FirebaseCrashlytics;
		};
		3F6FA8E32AA780D9005EA60B /* FirebaseRemoteConfig */ = {
			isa = XCSwiftPackageProductDependency;
			package = 3F6FA8DC2AA780D9005EA60B /* XCRemoteSwiftPackageReference "firebase-ios-sdk" */;
			productName = FirebaseRemoteConfig;
		};
		3F6FA8E52AA780D9005EA60B /* FirebaseRemoteConfigSwift */ = {
			isa = XCSwiftPackageProductDependency;
			package = 3F6FA8DC2AA780D9005EA60B /* XCRemoteSwiftPackageReference "firebase-ios-sdk" */;
			productName = FirebaseRemoteConfigSwift;
		};
		3F6FA8E82AA7835F005EA60B /* LottieSwiftUI */ = {
			isa = XCSwiftPackageProductDependency;
			package = 3F6FA8E72AA7835F005EA60B /* XCRemoteSwiftPackageReference "Lottie-SwiftUI" */;
			productName = LottieSwiftUI;
		};
		806CA8F52A9DD8C500599C14 /* EnigmaSystemDesign */ = {
			isa = XCSwiftPackageProductDependency;
			package = 806CA8F42A9DD8C500599C14 /* XCRemoteSwiftPackageReference "EnigmaSystemDesign" */;
			productName = EnigmaSystemDesign;
		};
/* End XCSwiftPackageProductDependency section */
	};
	rootObject = 806CA8D52A9DD21900599C14 /* Project object */;
}
